// !$*UTF8*$!
{
	archiveVersion = 1;
	classes = {
	};
	objectVersion = 77;
	objects = {

/* Begin PBXContainerItemProxy section */
		D052344D2DCC3FA5001EBD47 /* PBXContainerItemProxy */ = {
			isa = PBXContainerItemProxy;
			containerPortal = D052342E2DCC3FA4001EBD47 /* Project object */;
			proxyType = 1;
			remoteGlobalIDString = D05234352DCC3FA4001EBD47;
			remoteInfo = DemoRemoteLog;
		};
		D05234572DCC3FA5001EBD47 /* PBXContainerItemProxy */ = {
			isa = PBXContainerItemProxy;
			containerPortal = D052342E2DCC3FA4001EBD47 /* Project object */;
			proxyType = 1;
			remoteGlobalIDString = D05234352DCC3FA4001EBD47;
			remoteInfo = DemoRemoteLog;
		};
/* End PBXContainerItemProxy section */

/* Begin PBXFileReference section */
		D05234362DCC3FA4001EBD47 /* DemoRemoteLog.app */ = {isa = PBXFileReference; explicitFileType = wrapper.application; includeInIndex = 0; path = DemoRemoteLog.app; sourceTree = BUILT_PRODUCTS_DIR; };
		D052344C2DCC3FA5001EBD47 /* DemoRemoteLogTests.xctest */ = {isa = PBXFileReference; explicitFileType = wrapper.cfbundle; includeInIndex = 0; path = DemoRemoteLogTests.xctest; sourceTree = BUILT_PRODUCTS_DIR; };
		D05234562DCC3FA5001EBD47 /* DemoRemoteLogUITests.xctest */ = {isa = PBXFileReference; explicitFileType = wrapper.cfbundle; includeInIndex = 0; path = DemoRemoteLogUITests.xctest; sourceTree = BUILT_PRODUCTS_DIR; };
/* End PBXFileReference section */

/* Begin PBXFileSystemSynchronizedBuildFileExceptionSet section */
		D052345E2DCC3FA5001EBD47 /* Exceptions for "DemoRemoteLog" folder in "DemoRemoteLog" target */ = {
			isa = PBXFileSystemSynchronizedBuildFileExceptionSet;
			membershipExceptions = (
				Info.plist,
			);
			target = D05234352DCC3FA4001EBD47 /* DemoRemoteLog */;
		};
/* End PBXFileSystemSynchronizedBuildFileExceptionSet section */

/* Begin PBXFileSystemSynchronizedRootGroup section */
		D05234382DCC3FA4001EBD47 /* DemoRemoteLog */ = {
			isa = PBXFileSystemSynchronizedRootGroup;
			exceptions = (
				D052345E2DCC3FA5001EBD47 /* Exceptions for "DemoRemoteLog" folder in "DemoRemoteLog" target */,
			);
			path = DemoRemoteLog;
			sourceTree = "<group>";
		};
		D052344F2DCC3FA5001EBD47 /* DemoRemoteLogTests */ = {
			isa = PBXFileSystemSynchronizedRootGroup;
			path = DemoRemoteLogTests;
			sourceTree = "<group>";
		};
		D05234592DCC3FA5001EBD47 /* DemoRemoteLogUITests */ = {
			isa = PBXFileSystemSynchronizedRootGroup;
			path = DemoRemoteLogUITests;
			sourceTree = "<group>";
		};
/* End PBXFileSystemSynchronizedRootGroup section */

/* Begin PBXFrameworksBuildPhase section */
		D05234332DCC3FA4001EBD47 /* Frameworks */ = {
			isa = PBXFrameworksBuildPhase;
			buildActionMask = 2147483647;
			files = (
			);
			runOnlyForDeploymentPostprocessing = 0;
		};
		D05234492DCC3FA5001EBD47 /* Frameworks */ = {
			isa = PBXFrameworksBuildPhase;
			buildActionMask = 2147483647;
			files = (
			);
			runOnlyForDeploymentPostprocessing = 0;
		};
		D05234532DCC3FA5001EBD47 /* Frameworks */ = {
			isa = PBXFrameworksBuildPhase;
			buildActionMask = 2147483647;
			files = (
			);
			runOnlyForDeploymentPostprocessing = 0;
		};
/* End PBXFrameworksBuildPhase section */

/* Begin PBXGroup section */
		D052342D2DCC3FA4001EBD47 = {
			isa = PBXGroup;
			children = (
				D05234382DCC3FA4001EBD47 /* DemoRemoteLog */,
				D052344F2DCC3FA5001EBD47 /* DemoRemoteLogTests */,
				D05234592DCC3FA5001EBD47 /* DemoRemoteLogUITests */,
				D05234372DCC3FA4001EBD47 /* Products */,
			);
			sourceTree = "<group>";
		};
		D05234372DCC3FA4001EBD47 /* Products */ = {
			isa = PBXGroup;
			children = (
				D05234362DCC3FA4001EBD47 /* DemoRemoteLog.app */,
				D052344C2DCC3FA5001EBD47 /* DemoRemoteLogTests.xctest */,
				D05234562DCC3FA5001EBD47 /* DemoRemoteLogUITests.xctest */,
			);
			name = Products;
			sourceTree = "<group>";
		};
/* End PBXGroup section */

/* Begin PBXNativeTarget section */
		D05234352DCC3FA4001EBD47 /* DemoRemoteLog */ = {
			isa = PBXNativeTarget;
			buildConfigurationList = D052345F2DCC3FA5001EBD47 /* Build configuration list for PBXNativeTarget "DemoRemoteLog" */;
			buildPhases = (
				D05234322DCC3FA4001EBD47 /* Sources */,
				D05234332DCC3FA4001EBD47 /* Frameworks */,
				D05234342DCC3FA4001EBD47 /* Resources */,
			);
			buildRules = (
			);
			dependencies = (
			);
			fileSystemSynchronizedGroups = (
				D05234382DCC3FA4001EBD47 /* DemoRemoteLog */,
			);
			name = DemoRemoteLog;
			packageProductDependencies = (
			);
			productName = DemoRemoteLog;
			productReference = D05234362DCC3FA4001EBD47 /* DemoRemoteLog.app */;
			productType = "com.apple.product-type.application";
		};
		D052344B2DCC3FA5001EBD47 /* DemoRemoteLogTests */ = {
			isa = PBXNativeTarget;
			buildConfigurationList = D05234642DCC3FA5001EBD47 /* Build configuration list for PBXNativeTarget "DemoRemoteLogTests" */;
			buildPhases = (
				D05234482DCC3FA5001EBD47 /* Sources */,
				D05234492DCC3FA5001EBD47 /* Frameworks */,
				D052344A2DCC3FA5001EBD47 /* Resources */,
			);
			buildRules = (
			);
			dependencies = (
				D052344E2DCC3FA5001EBD47 /* PBXTargetDependency */,
			);
			fileSystemSynchronizedGroups = (
				D052344F2DCC3FA5001EBD47 /* DemoRemoteLogTests */,
			);
			name = DemoRemoteLogTests;
			packageProductDependencies = (
			);
			productName = DemoRemoteLogTests;
			productReference = D052344C2DCC3FA5001EBD47 /* DemoRemoteLogTests.xctest */;
			productType = "com.apple.product-type.bundle.unit-test";
		};
		D05234552DCC3FA5001EBD47 /* DemoRemoteLogUITests */ = {
			isa = PBXNativeTarget;
			buildConfigurationList = D05234672DCC3FA5001EBD47 /* Build configuration list for PBXNativeTarget "DemoRemoteLogUITests" */;
			buildPhases = (
				D05234522DCC3FA5001EBD47 /* Sources */,
				D05234532DCC3FA5001EBD47 /* Frameworks */,
				D05234542DCC3FA5001EBD47 /* Resources */,
			);
			buildRules = (
			);
			dependencies = (
				D05234582DCC3FA5001EBD47 /* PBXTargetDependency */,
			);
			fileSystemSynchronizedGroups = (
				D05234592DCC3FA5001EBD47 /* DemoRemoteLogUITests */,
			);
			name = DemoRemoteLogUITests;
			packageProductDependencies = (
			);
			productName = DemoRemoteLogUITests;
			productReference = D05234562DCC3FA5001EBD47 /* DemoRemoteLogUITests.xctest */;
			productType = "com.apple.product-type.bundle.ui-testing";
		};
/* End PBXNativeTarget section */

/* Begin PBXProject section */
		D052342E2DCC3FA4001EBD47 /* Project object */ = {
			isa = PBXProject;
			attributes = {
				BuildIndependentTargetsInParallel = 1;
				LastSwiftUpdateCheck = 1620;
				LastUpgradeCheck = 1620;
				TargetAttributes = {
					D05234352DCC3FA4001EBD47 = {
						CreatedOnToolsVersion = 16.2;
					};
					D052344B2DCC3FA5001EBD47 = {
						CreatedOnToolsVersion = 16.2;
						TestTargetID = D05234352DCC3FA4001EBD47;
					};
					D05234552DCC3FA5001EBD47 = {
						CreatedOnToolsVersion = 16.2;
						TestTargetID = D05234352DCC3FA4001EBD47;
					};
				};
			};
			buildConfigurationList = D05234312DCC3FA4001EBD47 /* Build configuration list for PBXProject "DemoRemoteLog" */;
			developmentRegion = en;
			hasScannedForEncodings = 0;
			knownRegions = (
				en,
				Base,
			);
			mainGroup = D052342D2DCC3FA4001EBD47;
			minimizedProjectReferenceProxies = 1;
			preferredProjectObjectVersion = 77;
			productRefGroup = D05234372DCC3FA4001EBD47 /* Products */;
			projectDirPath = "";
			projectRoot = "";
			targets = (
				D05234352DCC3FA4001EBD47 /* DemoRemoteLog */,
				D052344B2DCC3FA5001EBD47 /* DemoRemoteLogTests */,
				D05234552DCC3FA5001EBD47 /* DemoRemoteLogUITests */,
			);
		};
/* End PBXProject section */

/* Begin PBXResourcesBuildPhase section */
		D05234342DCC3FA4001EBD47 /* Resources */ = {
			isa = PBXResourcesBuildPhase;
			buildActionMask = 2147483647;
			files = (
			);
			runOnlyForDeploymentPostprocessing = 0;
		};
		D052344A2DCC3FA5001EBD47 /* Resources */ = {
			isa = PBXResourcesBuildPhase;
			buildActionMask = 2147483647;
			files = (
			);
			runOnlyForDeploymentPostprocessing = 0;
		};
		D05234542DCC3FA5001EBD47 /* Resources */ = {
			isa = PBXResourcesBuildPhase;
			buildActionMask = 2147483647;
			files = (
			);
			runOnlyForDeploymentPostprocessing = 0;
		};
/* End PBXResourcesBuildPhase section */

/* Begin PBXSourcesBuildPhase section */
		D05234322DCC3FA4001EBD47 /* Sources */ = {
			isa = PBXSourcesBuildPhase;
			buildActionMask = 2147483647;
			files = (
			);
			runOnlyForDeploymentPostprocessing = 0;
		};
		D05234482DCC3FA5001EBD47 /* Sources */ = {
			isa = PBXSourcesBuildPhase;
			buildActionMask = 2147483647;
			files = (
			);
			runOnlyForDeploymentPostprocessing = 0;
		};
		D05234522DCC3FA5001EBD47 /* Sources */ = {
			isa = PBXSourcesBuildPhase;
			buildActionMask = 2147483647;
			files = (
			);
			runOnlyForDeploymentPostprocessing = 0;
		};
/* End PBXSourcesBuildPhase section */

/* Begin PBXTargetDependency section */
		D052344E2DCC3FA5001EBD47 /* PBXTargetDependency */ = {
			isa = PBXTargetDependency;
			target = D05234352DCC3FA4001EBD47 /* DemoRemoteLog */;
			targetProxy = D052344D2DCC3FA5001EBD47 /* PBXContainerItemProxy */;
		};
		D05234582DCC3FA5001EBD47 /* PBXTargetDependency */ = {
			isa = PBXTargetDependency;
			target = D05234352DCC3FA4001EBD47 /* DemoRemoteLog */;
			targetProxy = D05234572DCC3FA5001EBD47 /* PBXContainerItemProxy */;
		};
/* End PBXTargetDependency section */

/* Begin XCBuildConfiguration section */
		D05234602DCC3FA5001EBD47 /* Debug */ = {
			isa = XCBuildConfiguration;
			buildSettings = {
				ASSETCATALOG_COMPILER_APPICON_NAME = AppIcon;
				ASSETCATALOG_COMPILER_GLOBAL_ACCENT_COLOR_NAME = AccentColor;
				CODE_SIGN_STYLE = Automatic;
				CURRENT_PROJECT_VERSION = 1;
				GENERATE_INFOPLIST_FILE = YES;
				INFOPLIST_FILE = DemoRemoteLog/Info.plist;
				INFOPLIST_KEY_UIApplicationSupportsIndirectInputEvents = YES;
				INFOPLIST_KEY_UILaunchStoryboardName = LaunchScreen;
				INFOPLIST_KEY_UIMainStoryboardFile = Main;
				INFOPLIST_KEY_UISupportedInterfaceOrientations_iPad = "UIInterfaceOrientationPortrait UIInterfaceOrientationPortraitUpsideDown UIInterfaceOrientationLandscapeLeft UIInterfaceOrientationLandscapeRight";
				INFOPLIST_KEY_UISupportedInterfaceOrientations_iPhone = "UIInterfaceOrientationPortrait UIInterfaceOrientationLandscapeLeft UIInterfaceOrientationLandscapeRight";
				LD_RUNPATH_SEARCH_PATHS = (
					"$(inherited)",
					"@executable_path/Frameworks",
				);
				MARKETING_VERSION = 1.0;
				PRODUCT_BUNDLE_IDENTIFIER = com.phi.DemoRemoteLog;
				PRODUCT_NAME = "$(TARGET_NAME)";
				SWIFT_EMIT_LOC_STRINGS = YES;
				SWIFT_VERSION = 5.0;
				TARGETED_DEVICE_FAMILY = "1,2";
			};
			name = Debug;
		};
		D05234612DCC3FA5001EBD47 /* Release */ = {
			isa = XCBuildConfiguration;
			buildSettings = {
				ASSETCATALOG_COMPILER_APPICON_NAME = AppIcon;
				ASSETCATALOG_COMPILER_GLOBAL_ACCENT_COLOR_NAME = AccentColor;
				CODE_SIGN_STYLE = Automatic;
				CURRENT_PROJECT_VERSION = 1;
				GENERATE_INFOPLIST_FILE = YES;
				INFOPLIST_FILE = DemoRemoteLog/Info.plist;
				INFOPLIST_KEY_UIApplicationSupportsIndirectInputEvents = YES;
				INFOPLIST_KEY_UILaunchStoryboardName = LaunchScreen;
				INFOPLIST_KEY_UIMainStoryboardFile = Main;
				INFOPLIST_KEY_UISupportedInterfaceOrientations_iPad = "UIInterfaceOrientationPortrait UIInterfaceOrientationPortraitUpsideDown UIInterfaceOrientationLandscapeLeft UIInterfaceOrientationLandscapeRight";
				INFOPLIST_KEY_UISupportedInterfaceOrientations_iPhone = "UIInterfaceOrientationPortrait UIInterfaceOrientationLandscapeLeft UIInterfaceOrientationLandscapeRight";
				LD_RUNPATH_SEARCH_PATHS = (
					"$(inherited)",
					"@executable_path/Frameworks",
				);
				MARKETING_VERSION = 1.0;
				PRODUCT_BUNDLE_IDENTIFIER = com.phi.DemoRemoteLog;
				PRODUCT_NAME = "$(TARGET_NAME)";
				SWIFT_EMIT_LOC_STRINGS = YES;
				SWIFT_VERSION = 5.0;
				TARGETED_DEVICE_FAMILY = "1,2";
			};
			name = Release;
		};
		D05234622DCC3FA5001EBD47 /* Debug */ = {
			isa = XCBuildConfiguration;
			buildSettings = {
				ALWAYS_SEARCH_USER_PATHS = NO;
				ASSETCATALOG_COMPILER_GENERATE_SWIFT_ASSET_SYMBOL_EXTENSIONS = YES;
				CLANG_ANALYZER_NONNULL = YES;
				CLANG_ANALYZER_NUMBER_OBJECT_CONVERSION = YES_AGGRESSIVE;
				CLANG_CXX_LANGUAGE_STANDARD = "gnu++20";
				CLANG_ENABLE_MODULES = YES;
				CLANG_ENABLE_OBJC_ARC = YES;
				CLANG_ENABLE_OBJC_WEAK = YES;
				CLANG_WARN_BLOCK_CAPTURE_AUTORELEASING = YES;
				CLANG_WARN_BOOL_CONVERSION = YES;
				CLANG_WARN_COMMA = YES;
				CLANG_WARN_CONSTANT_CONVERSION = YES;
				CLANG_WARN_DEPRECATED_OBJC_IMPLEMENTATIONS = YES;
				CLANG_WARN_DIRECT_OBJC_ISA_USAGE = YES_ERROR;
				CLANG_WARN_DOCUMENTATION_COMMENTS = YES;
				CLANG_WARN_EMPTY_BODY = YES;
				CLANG_WARN_ENUM_CONVERSION = YES;
				CLANG_WARN_INFINITE_RECURSION = YES;
				CLANG_WARN_INT_CONVERSION = YES;
				CLANG_WARN_NON_LITERAL_NULL_CONVERSION = YES;
				CLANG_WARN_OBJC_IMPLICIT_RETAIN_SELF = YES;
				CLANG_WARN_OBJC_LITERAL_CONVERSION = YES;
				CLANG_WARN_OBJC_ROOT_CLASS = YES_ERROR;
				CLANG_WARN_QUOTED_INCLUDE_IN_FRAMEWORK_HEADER = YES;
				CLANG_WARN_RANGE_LOOP_ANALYSIS = YES;
				CLANG_WARN_STRICT_PROTOTYPES = YES;
				CLANG_WARN_SUSPICIOUS_MOVE = YES;
				CLANG_WARN_UNGUARDED_AVAILABILITY = YES_AGGRESSIVE;
				CLANG_WARN_UNREACHABLE_CODE = YES;
				CLANG_WARN__DUPLICATE_METHOD_MATCH = YES;
				COPY_PHASE_STRIP = NO;
				DEBUG_INFORMATION_FORMAT = dwarf;
				ENABLE_STRICT_OBJC_MSGSEND = YES;
				ENABLE_TESTABILITY = YES;
				ENABLE_USER_SCRIPT_SANDBOXING = YES;
				GCC_C_LANGUAGE_STANDARD = gnu17;
				GCC_DYNAMIC_NO_PIC = NO;
				GCC_NO_COMMON_BLOCKS = YES;
				GCC_OPTIMIZATION_LEVEL = 0;
				GCC_PREPROCESSOR_DEFINITIONS = (
					"DEBUG=1",
					"$(inherited)",
				);
				GCC_WARN_64_TO_32_BIT_CONVERSION = YES;
				GCC_WARN_ABOUT_RETURN_TYPE = YES_ERROR;
				GCC_WARN_UNDECLARED_SELECTOR = YES;
				GCC_WARN_UNINITIALIZED_AUTOS = YES_AGGRESSIVE;
				GCC_WARN_UNUSED_FUNCTION = YES;
				GCC_WARN_UNUSED_VARIABLE = YES;
				IPHONEOS_DEPLOYMENT_TARGET = 18.2;
				LOCALIZATION_PREFERS_STRING_CATALOGS = YES;
				MTL_ENABLE_DEBUG_INFO = INCLUDE_SOURCE;
				MTL_FAST_MATH = YES;
				ONLY_ACTIVE_ARCH = YES;
				SDKROOT = iphoneos;
				SWIFT_ACTIVE_COMPILATION_CONDITIONS = "DEBUG $(inherited)";
				SWIFT_OPTIMIZATION_LEVEL = "-Onone";
			};
			name = Debug;
		};
		D05234632DCC3FA5001EBD47 /* Release */ = {
			isa = XCBuildConfiguration;
			buildSettings = {
				ALWAYS_SEARCH_USER_PATHS = NO;
				ASSETCATALOG_COMPILER_GENERATE_SWIFT_ASSET_SYMBOL_EXTENSIONS = YES;
				CLANG_ANALYZER_NONNULL = YES;
				CLANG_ANALYZER_NUMBER_OBJECT_CONVERSION = YES_AGGRESSIVE;
				CLANG_CXX_LANGUAGE_STANDARD = "gnu++20";
				CLANG_ENABLE_MODULES = YES;
				CLANG_ENABLE_OBJC_ARC = YES;
				CLANG_ENABLE_OBJC_WEAK = YES;
				CLANG_WARN_BLOCK_CAPTURE_AUTORELEASING = YES;
				CLANG_WARN_BOOL_CONVERSION = YES;
				CLANG_WARN_COMMA = YES;
				CLANG_WARN_CONSTANT_CONVERSION = YES;
				CLANG_WARN_DEPRECATED_OBJC_IMPLEMENTATIONS = YES;
				CLANG_WARN_DIRECT_OBJC_ISA_USAGE = YES_ERROR;
				CLANG_WARN_DOCUMENTATION_COMMENTS = YES;
				CLANG_WARN_EMPTY_BODY = YES;
				CLANG_WARN_ENUM_CONVERSION = YES;
				CLANG_WARN_INFINITE_RECURSION = YES;
				CLANG_WARN_INT_CONVERSION = YES;
				CLANG_WARN_NON_LITERAL_NULL_CONVERSION = YES;
				CLANG_WARN_OBJC_IMPLICIT_RETAIN_SELF = YES;
				CLANG_WARN_OBJC_LITERAL_CONVERSION = YES;
				CLANG_WARN_OBJC_ROOT_CLASS = YES_ERROR;
				CLANG_WARN_QUOTED_INCLUDE_IN_FRAMEWORK_HEADER = YES;
				CLANG_WARN_RANGE_LOOP_ANALYSIS = YES;
				CLANG_WARN_STRICT_PROTOTYPES = YES;
				CLANG_WARN_SUSPICIOUS_MOVE = YES;
				CLANG_WARN_UNGUARDED_AVAILABILITY = YES_AGGRESSIVE;
				CLANG_WARN_UNREACHABLE_CODE = YES;
				CLANG_WARN__DUPLICATE_METHOD_MATCH = YES;
				COPY_PHASE_STRIP = NO;
				DEBUG_INFORMATION_FORMAT = "dwarf-with-dsym";
				ENABLE_NS_ASSERTIONS = NO;
				ENABLE_STRICT_OBJC_MSGSEND = YES;
				ENABLE_USER_SCRIPT_SANDBOXING = YES;
				GCC_C_LANGUAGE_STANDARD = gnu17;
				GCC_NO_COMMON_BLOCKS = YES;
				GCC_WARN_64_TO_32_BIT_CONVERSION = YES;
				GCC_WARN_ABOUT_RETURN_TYPE = YES_ERROR;
				GCC_WARN_UNDECLARED_SELECTOR = YES;
				GCC_WARN_UNINITIALIZED_AUTOS = YES_AGGRESSIVE;
				GCC_WARN_UNUSED_FUNCTION = YES;
				GCC_WARN_UNUSED_VARIABLE = YES;
				IPHONEOS_DEPLOYMENT_TARGET = 18.2;
				LOCALIZATION_PREFERS_STRING_CATALOGS = YES;
				MTL_ENABLE_DEBUG_INFO = NO;
				MTL_FAST_MATH = YES;
				SDKROOT = iphoneos;
				SWIFT_COMPILATION_MODE = wholemodule;
				VALIDATE_PRODUCT = YES;
			};
			name = Release;
		};
		D05234652DCC3FA5001EBD47 /* Debug */ = {
			isa = XCBuildConfiguration;
			buildSettings = {
				BUNDLE_LOADER = "$(TEST_HOST)";
				CODE_SIGN_STYLE = Automatic;
				CURRENT_PROJECT_VERSION = 1;
				GENERATE_INFOPLIST_FILE = YES;
				IPHONEOS_DEPLOYMENT_TARGET = 18.2;
				MARKETING_VERSION = 1.0;
				PRODUCT_BUNDLE_IDENTIFIER = com.phi.DemoRemoteLogTests;
				PRODUCT_NAME = "$(TARGET_NAME)";
				SWIFT_EMIT_LOC_STRINGS = NO;
				SWIFT_VERSION = 5.0;
				TARGETED_DEVICE_FAMILY = "1,2";
				TEST_HOST = "$(BUILT_PRODUCTS_DIR)/DemoRemoteLog.app/$(BUNDLE_EXECUTABLE_FOLDER_PATH)/DemoRemoteLog";
			};
			name = Debug;
		};
		D05234662DCC3FA5001EBD47 /* Release */ = {
			isa = XCBuildConfiguration;
			buildSettings = {
				BUNDLE_LOADER = "$(TEST_HOST)";
				CODE_SIGN_STYLE = Automatic;
				CURRENT_PROJECT_VERSION = 1;
				GENERATE_INFOPLIST_FILE = YES;
				IPHONEOS_DEPLOYMENT_TARGET = 18.2;
				MARKETING_VERSION = 1.0;
				PRODUCT_BUNDLE_IDENTIFIER = com.phi.DemoRemoteLogTests;
				PRODUCT_NAME = "$(TARGET_NAME)";
				SWIFT_EMIT_LOC_STRINGS = NO;
				SWIFT_VERSION = 5.0;
				TARGETED_DEVICE_FAMILY = "1,2";
				TEST_HOST = "$(BUILT_PRODUCTS_DIR)/DemoRemoteLog.app/$(BUNDLE_EXECUTABLE_FOLDER_PATH)/DemoRemoteLog";
			};
			name = Release;
		};
		D05234682DCC3FA5001EBD47 /* Debug */ = {
			isa = XCBuildConfiguration;
			buildSettings = {
				CODE_SIGN_STYLE = Automatic;
				CURRENT_PROJECT_VERSION = 1;
				GENERATE_INFOPLIST_FILE = YES;
				MARKETING_VERSION = 1.0;
				PRODUCT_BUNDLE_IDENTIFIER = com.phi.DemoRemoteLogUITests;
				PRODUCT_NAME = "$(TARGET_NAME)";
				SWIFT_EMIT_LOC_STRINGS = NO;
				SWIFT_VERSION = 5.0;
				TARGETED_DEVICE_FAMILY = "1,2";
				TEST_TARGET_NAME = DemoRemoteLog;
			};
			name = Debug;
		};
		D05234692DCC3FA5001EBD47 /* Release */ = {
			isa = XCBuildConfiguration;
			buildSettings = {
				CODE_SIGN_STYLE = Automatic;
				CURRENT_PROJECT_VERSION = 1;
				GENERATE_INFOPLIST_FILE = YES;
				MARKETING_VERSION = 1.0;
				PRODUCT_BUNDLE_IDENTIFIER = com.phi.DemoRemoteLogUITests;
				PRODUCT_NAME = "$(TARGET_NAME)";
				SWIFT_EMIT_LOC_STRINGS = NO;
				SWIFT_VERSION = 5.0;
				TARGETED_DEVICE_FAMILY = "1,2";
				TEST_TARGET_NAME = DemoRemoteLog;
			};
			name = Release;
		};
/* End XCBuildConfiguration section */

/* Begin XCConfigurationList section */
		D05234312DCC3FA4001EBD47 /* Build configuration list for PBXProject "DemoRemoteLog" */ = {
			isa = XCConfigurationList;
			buildConfigurations = (
				D05234622DCC3FA5001EBD47 /* Debug */,
				D05234632DCC3FA5001EBD47 /* Release */,
			);
			defaultConfigurationIsVisible = 0;
			defaultConfigurationName = Release;
		};
		D052345F2DCC3FA5001EBD47 /* Build configuration list for PBXNativeTarget "DemoRemoteLog" */ = {
			isa = XCConfigurationList;
			buildConfigurations = (
				D05234602DCC3FA5001EBD47 /* Debug */,
				D05234612DCC3FA5001EBD47 /* Release */,
			);
			defaultConfigurationIsVisible = 0;
			defaultConfigurationName = Release;
		};
		D05234642DCC3FA5001EBD47 /* Build configuration list for PBXNativeTarget "DemoRemoteLogTests" */ = {
			isa = XCConfigurationList;
			buildConfigurations = (
				D05234652DCC3FA5001EBD47 /* Debug */,
				D05234662DCC3FA5001EBD47 /* Release */,
			);
			defaultConfigurationIsVisible = 0;
			defaultConfigurationName = Release;
		};
		D05234672DCC3FA5001EBD47 /* Build configuration list for PBXNativeTarget "DemoRemoteLogUITests" */ = {
			isa = XCConfigurationList;
			buildConfigurations = (
				D05234682DCC3FA5001EBD47 /* Debug */,
				D05234692DCC3FA5001EBD47 /* Release */,
			);
			defaultConfigurationIsVisible = 0;
			defaultConfigurationName = Release;
		};
/* End XCConfigurationList section */
	};
	rootObject = D052342E2DCC3FA4001EBD47 /* Project object */;
}
