// !$*UTF8*$!
{
	archiveVersion = 1;
	classes = {
	};
	objectVersion = 77;
	objects = {

/* Begin PBXBuildFile section */
		D091C9952DA40C4E000C39EF /* FirebaseAnalytics in Frameworks */ = {isa = PBXBuildFile; productRef = D091C9942DA40C4E000C39EF /* FirebaseAnalytics */; };
		D091C9972DA40C4E000C39EF /* FirebaseAnalyticsOnDeviceConversion in Frameworks */ = {isa = PBXBuildFile; productRef = D091C9962DA40C4E000C39EF /* FirebaseAnalyticsOnDeviceConversion */; };
		D091C9992DA40C4E000C39EF /* FirebaseAnalyticsWithoutAdIdSupport in Frameworks */ = {isa = PBXBuildFile; productRef = D091C9982DA40C4E000C39EF /* FirebaseAnalyticsWithoutAdIdSupport */; };
		D091C99B2DA40C4E000C39EF /* FirebaseAppCheck in Frameworks */ = {isa = PBXBuildFile; productRef = D091C99A2DA40C4E000C39EF /* FirebaseAppCheck */; };
		D091C99D2DA40C4E000C39EF /* FirebaseAppDistribution-Beta in Frameworks */ = {isa = PBXBuildFile; productRef = D091C99C2DA40C4E000C39EF /* FirebaseAppDistribution-Beta */; };
		D091C99F2DA40C4E000C39EF /* FirebaseInAppMessaging-Beta in Frameworks */ = {isa = PBXBuildFile; productRef = D091C99E2DA40C4E000C39EF /* FirebaseInAppMessaging-Beta */; };
		D091C9A12DA40C4E000C39EF /* FirebaseMessaging in Frameworks */ = {isa = PBXBuildFile; productRef = D091C9A02DA40C4E000C39EF /* FirebaseMessaging */; };
/* End PBXBuildFile section */

/* Begin PBXFileReference section */
		D0984AE22D9E439100E9B906 /* DemoNotification.app */ = {isa = PBXFileReference; explicitFileType = wrapper.application; includeInIndex = 0; path = DemoNotification.app; sourceTree = BUILT_PRODUCTS_DIR; };
/* End PBXFileReference section */

/* Begin PBXFileSystemSynchronizedBuildFileExceptionSet section */
		D0984AF42D9E439300E9B906 /* Exceptions for "DemoNotification" folder in "DemoNotification" target */ = {
			isa = PBXFileSystemSynchronizedBuildFileExceptionSet;
			membershipExceptions = (
				Info.plist,
			);
			target = D0984AE12D9E439100E9B906 /* DemoNotification */;
		};
/* End PBXFileSystemSynchronizedBuildFileExceptionSet section */

/* Begin PBXFileSystemSynchronizedRootGroup section */
		D0984AE42D9E439100E9B906 /* DemoNotification */ = {
			isa = PBXFileSystemSynchronizedRootGroup;
			exceptions = (
				D0984AF42D9E439300E9B906 /* Exceptions for "DemoNotification" folder in "DemoNotification" target */,
			);
			path = DemoNotification;
			sourceTree = "<group>";
		};
/* End PBXFileSystemSynchronizedRootGroup section */

/* Begin PBXFrameworksBuildPhase section */
		D0984ADF2D9E439100E9B906 /* Frameworks */ = {
			isa = PBXFrameworksBuildPhase;
			buildActionMask = 2147483647;
			files = (
				D091C99B2DA40C4E000C39EF /* FirebaseAppCheck in Frameworks */,
				D091C9952DA40C4E000C39EF /* FirebaseAnalytics in Frameworks */,
				D091C9A12DA40C4E000C39EF /* FirebaseMessaging in Frameworks */,
				D091C99D2DA40C4E000C39EF /* FirebaseAppDistribution-Beta in Frameworks */,
				D091C9992DA40C4E000C39EF /* FirebaseAnalyticsWithoutAdIdSupport in Frameworks */,
				D091C9972DA40C4E000C39EF /* FirebaseAnalyticsOnDeviceConversion in Frameworks */,
				D091C99F2DA40C4E000C39EF /* FirebaseInAppMessaging-Beta in Frameworks */,
			);
			runOnlyForDeploymentPostprocessing = 0;
		};
/* End PBXFrameworksBuildPhase section */

/* Begin PBXGroup section */
		D0984AD92D9E439100E9B906 = {
			isa = PBXGroup;
			children = (
				D0984AE42D9E439100E9B906 /* DemoNotification */,
				D0984AE32D9E439100E9B906 /* Products */,
			);
			sourceTree = "<group>";
		};
		D0984AE32D9E439100E9B906 /* Products */ = {
			isa = PBXGroup;
			children = (
				D0984AE22D9E439100E9B906 /* DemoNotification.app */,
			);
			name = Products;
			sourceTree = "<group>";
		};
/* End PBXGroup section */

/* Begin PBXNativeTarget section */
		D0984AE12D9E439100E9B906 /* DemoNotification */ = {
			isa = PBXNativeTarget;
			buildConfigurationList = D0984AF52D9E439300E9B906 /* Build configuration list for PBXNativeTarget "DemoNotification" */;
			buildPhases = (
				D0984ADE2D9E439100E9B906 /* Sources */,
				D0984ADF2D9E439100E9B906 /* Frameworks */,
				D0984AE02D9E439100E9B906 /* Resources */,
			);
			buildRules = (
			);
			dependencies = (
			);
			fileSystemSynchronizedGroups = (
				D0984AE42D9E439100E9B906 /* DemoNotification */,
			);
			name = DemoNotification;
			packageProductDependencies = (
				D091C9942DA40C4E000C39EF /* FirebaseAnalytics */,
				D091C9962DA40C4E000C39EF /* FirebaseAnalyticsOnDeviceConversion */,
				D091C9982DA40C4E000C39EF /* FirebaseAnalyticsWithoutAdIdSupport */,
				D091C99A2DA40C4E000C39EF /* FirebaseAppCheck */,
				D091C99C2DA40C4E000C39EF /* FirebaseAppDistribution-Beta */,
				D091C99E2DA40C4E000C39EF /* FirebaseInAppMessaging-Beta */,
				D091C9A02DA40C4E000C39EF /* FirebaseMessaging */,
			);
			productName = DemoNotification;
			productReference = D0984AE22D9E439100E9B906 /* DemoNotification.app */;
			productType = "com.apple.product-type.application";
		};
/* End PBXNativeTarget section */

/* Begin PBXProject section */
		D0984ADA2D9E439100E9B906 /* Project object */ = {
			isa = PBXProject;
			attributes = {
				BuildIndependentTargetsInParallel = 1;
				LastSwiftUpdateCheck = 1620;
				LastUpgradeCheck = 1620;
				TargetAttributes = {
					D0984AE12D9E439100E9B906 = {
						CreatedOnToolsVersion = 16.2;
					};
				};
			};
			buildConfigurationList = D0984ADD2D9E439100E9B906 /* Build configuration list for PBXProject "DemoNotification" */;
			developmentRegion = en;
			hasScannedForEncodings = 0;
			knownRegions = (
				en,
				Base,
			);
			mainGroup = D0984AD92D9E439100E9B906;
			minimizedProjectReferenceProxies = 1;
			packageReferences = (
				D091C9932DA40C4E000C39EF /* XCRemoteSwiftPackageReference "firebase-ios-sdk" */,
			);
			preferredProjectObjectVersion = 77;
			productRefGroup = D0984AE32D9E439100E9B906 /* Products */;
			projectDirPath = "";
			projectRoot = "";
			targets = (
				D0984AE12D9E439100E9B906 /* DemoNotification */,
			);
		};
/* End PBXProject section */

/* Begin PBXResourcesBuildPhase section */
		D0984AE02D9E439100E9B906 /* Resources */ = {
			isa = PBXResourcesBuildPhase;
			buildActionMask = 2147483647;
			files = (
			);
			runOnlyForDeploymentPostprocessing = 0;
		};
/* End PBXResourcesBuildPhase section */

/* Begin PBXSourcesBuildPhase section */
		D0984ADE2D9E439100E9B906 /* Sources */ = {
			isa = PBXSourcesBuildPhase;
			buildActionMask = 2147483647;
			files = (
			);
			runOnlyForDeploymentPostprocessing = 0;
		};
/* End PBXSourcesBuildPhase section */

/* Begin XCBuildConfiguration section */
		D0984AF62D9E439300E9B906 /* Debug */ = {
			isa = XCBuildConfiguration;
			buildSettings = {
				ASSETCATALOG_COMPILER_APPICON_NAME = AppIcon;
				ASSETCATALOG_COMPILER_GLOBAL_ACCENT_COLOR_NAME = AccentColor;
				CODE_SIGN_ENTITLEMENTS = DemoNotification/DemoNotification.entitlements;
				CODE_SIGN_STYLE = Automatic;
				CURRENT_PROJECT_VERSION = 1;
				DEVELOPMENT_TEAM = FZCMHM49LE;
				GENERATE_INFOPLIST_FILE = YES;
				INFOPLIST_FILE = DemoNotification/Info.plist;
				INFOPLIST_KEY_UIApplicationSupportsIndirectInputEvents = YES;
				INFOPLIST_KEY_UILaunchStoryboardName = LaunchScreen;
				INFOPLIST_KEY_UISupportedInterfaceOrientations_iPad = "UIInterfaceOrientationPortrait UIInterfaceOrientationPortraitUpsideDown UIInterfaceOrientationLandscapeLeft UIInterfaceOrientationLandscapeRight";
				INFOPLIST_KEY_UISupportedInterfaceOrientations_iPhone = "UIInterfaceOrientationPortrait UIInterfaceOrientationLandscapeLeft UIInterfaceOrientationLandscapeRight";
				LD_RUNPATH_SEARCH_PATHS = (
					"$(inherited)",
					"@executable_path/Frameworks",
				);
				MARKETING_VERSION = 1.0;
				PRODUCT_BUNDLE_IDENTIFIER = com.rphi.DemoNotification;
				PRODUCT_NAME = "$(TARGET_NAME)";
				SWIFT_EMIT_LOC_STRINGS = YES;
				SWIFT_VERSION = 5.0;
				TARGETED_DEVICE_FAMILY = "1,2";
			};
			name = Debug;
		};
		D0984AF72D9E439300E9B906 /* Release */ = {
			isa = XCBuildConfiguration;
			buildSettings = {
				ASSETCATALOG_COMPILER_APPICON_NAME = AppIcon;
				ASSETCATALOG_COMPILER_GLOBAL_ACCENT_COLOR_NAME = AccentColor;
				CODE_SIGN_ENTITLEMENTS = DemoNotification/DemoNotification.entitlements;
				CODE_SIGN_STYLE = Automatic;
				CURRENT_PROJECT_VERSION = 1;
				DEVELOPMENT_TEAM = FZCMHM49LE;
				GENERATE_INFOPLIST_FILE = YES;
				INFOPLIST_FILE = DemoNotification/Info.plist;
				INFOPLIST_KEY_UIApplicationSupportsIndirectInputEvents = YES;
				INFOPLIST_KEY_UILaunchStoryboardName = LaunchScreen;
				INFOPLIST_KEY_UISupportedInterfaceOrientations_iPad = "UIInterfaceOrientationPortrait UIInterfaceOrientationPortraitUpsideDown UIInterfaceOrientationLandscapeLeft UIInterfaceOrientationLandscapeRight";
				INFOPLIST_KEY_UISupportedInterfaceOrientations_iPhone = "UIInterfaceOrientationPortrait UIInterfaceOrientationLandscapeLeft UIInterfaceOrientationLandscapeRight";
				LD_RUNPATH_SEARCH_PATHS = (
					"$(inherited)",
					"@executable_path/Frameworks",
				);
				MARKETING_VERSION = 1.0;
				PRODUCT_BUNDLE_IDENTIFIER = com.rphi.DemoNotification;
				PRODUCT_NAME = "$(TARGET_NAME)";
				SWIFT_EMIT_LOC_STRINGS = YES;
				SWIFT_VERSION = 5.0;
				TARGETED_DEVICE_FAMILY = "1,2";
			};
			name = Release;
		};
		D0984AF82D9E439300E9B906 /* Debug */ = {
			isa = XCBuildConfiguration;
			buildSettings = {
				ALWAYS_SEARCH_USER_PATHS = NO;
				ASSETCATALOG_COMPILER_GENERATE_SWIFT_ASSET_SYMBOL_EXTENSIONS = YES;
				CLANG_ANALYZER_NONNULL = YES;
				CLANG_ANALYZER_NUMBER_OBJECT_CONVERSION = YES_AGGRESSIVE;
				CLANG_CXX_LANGUAGE_STANDARD = "gnu++20";
				CLANG_ENABLE_MODULES = YES;
				CLANG_ENABLE_OBJC_ARC = YES;
				CLANG_ENABLE_OBJC_WEAK = YES;
				CLANG_WARN_BLOCK_CAPTURE_AUTORELEASING = YES;
				CLANG_WARN_BOOL_CONVERSION = YES;
				CLANG_WARN_COMMA = YES;
				CLANG_WARN_CONSTANT_CONVERSION = YES;
				CLANG_WARN_DEPRECATED_OBJC_IMPLEMENTATIONS = YES;
				CLANG_WARN_DIRECT_OBJC_ISA_USAGE = YES_ERROR;
				CLANG_WARN_DOCUMENTATION_COMMENTS = YES;
				CLANG_WARN_EMPTY_BODY = YES;
				CLANG_WARN_ENUM_CONVERSION = YES;
				CLANG_WARN_INFINITE_RECURSION = YES;
				CLANG_WARN_INT_CONVERSION = YES;
				CLANG_WARN_NON_LITERAL_NULL_CONVERSION = YES;
				CLANG_WARN_OBJC_IMPLICIT_RETAIN_SELF = YES;
				CLANG_WARN_OBJC_LITERAL_CONVERSION = YES;
				CLANG_WARN_OBJC_ROOT_CLASS = YES_ERROR;
				CLANG_WARN_QUOTED_INCLUDE_IN_FRAMEWORK_HEADER = YES;
				CLANG_WARN_RANGE_LOOP_ANALYSIS = YES;
				CLANG_WARN_STRICT_PROTOTYPES = YES;
				CLANG_WARN_SUSPICIOUS_MOVE = YES;
				CLANG_WARN_UNGUARDED_AVAILABILITY = YES_AGGRESSIVE;
				CLANG_WARN_UNREACHABLE_CODE = YES;
				CLANG_WARN__DUPLICATE_METHOD_MATCH = YES;
				COPY_PHASE_STRIP = NO;
				DEBUG_INFORMATION_FORMAT = dwarf;
				ENABLE_STRICT_OBJC_MSGSEND = YES;
				ENABLE_TESTABILITY = YES;
				ENABLE_USER_SCRIPT_SANDBOXING = YES;
				GCC_C_LANGUAGE_STANDARD = gnu17;
				GCC_DYNAMIC_NO_PIC = NO;
				GCC_NO_COMMON_BLOCKS = YES;
				GCC_OPTIMIZATION_LEVEL = 0;
				GCC_PREPROCESSOR_DEFINITIONS = (
					"DEBUG=1",
					"$(inherited)",
				);
				GCC_WARN_64_TO_32_BIT_CONVERSION = YES;
				GCC_WARN_ABOUT_RETURN_TYPE = YES_ERROR;
				GCC_WARN_UNDECLARED_SELECTOR = YES;
				GCC_WARN_UNINITIALIZED_AUTOS = YES_AGGRESSIVE;
				GCC_WARN_UNUSED_FUNCTION = YES;
				GCC_WARN_UNUSED_VARIABLE = YES;
				IPHONEOS_DEPLOYMENT_TARGET = 18.2;
				LOCALIZATION_PREFERS_STRING_CATALOGS = YES;
				MTL_ENABLE_DEBUG_INFO = INCLUDE_SOURCE;
				MTL_FAST_MATH = YES;
				ONLY_ACTIVE_ARCH = YES;
				SDKROOT = iphoneos;
				SWIFT_ACTIVE_COMPILATION_CONDITIONS = "DEBUG $(inherited)";
				SWIFT_OPTIMIZATION_LEVEL = "-Onone";
			};
			name = Debug;
		};
		D0984AF92D9E439300E9B906 /* Release */ = {
			isa = XCBuildConfiguration;
			buildSettings = {
				ALWAYS_SEARCH_USER_PATHS = NO;
				ASSETCATALOG_COMPILER_GENERATE_SWIFT_ASSET_SYMBOL_EXTENSIONS = YES;
				CLANG_ANALYZER_NONNULL = YES;
				CLANG_ANALYZER_NUMBER_OBJECT_CONVERSION = YES_AGGRESSIVE;
				CLANG_CXX_LANGUAGE_STANDARD = "gnu++20";
				CLANG_ENABLE_MODULES = YES;
				CLANG_ENABLE_OBJC_ARC = YES;
				CLANG_ENABLE_OBJC_WEAK = YES;
				CLANG_WARN_BLOCK_CAPTURE_AUTORELEASING = YES;
				CLANG_WARN_BOOL_CONVERSION = YES;
				CLANG_WARN_COMMA = YES;
				CLANG_WARN_CONSTANT_CONVERSION = YES;
				CLANG_WARN_DEPRECATED_OBJC_IMPLEMENTATIONS = YES;
				CLANG_WARN_DIRECT_OBJC_ISA_USAGE = YES_ERROR;
				CLANG_WARN_DOCUMENTATION_COMMENTS = YES;
				CLANG_WARN_EMPTY_BODY = YES;
				CLANG_WARN_ENUM_CONVERSION = YES;
				CLANG_WARN_INFINITE_RECURSION = YES;
				CLANG_WARN_INT_CONVERSION = YES;
				CLANG_WARN_NON_LITERAL_NULL_CONVERSION = YES;
				CLANG_WARN_OBJC_IMPLICIT_RETAIN_SELF = YES;
				CLANG_WARN_OBJC_LITERAL_CONVERSION = YES;
				CLANG_WARN_OBJC_ROOT_CLASS = YES_ERROR;
				CLANG_WARN_QUOTED_INCLUDE_IN_FRAMEWORK_HEADER = YES;
				CLANG_WARN_RANGE_LOOP_ANALYSIS = YES;
				CLANG_WARN_STRICT_PROTOTYPES = YES;
				CLANG_WARN_SUSPICIOUS_MOVE = YES;
				CLANG_WARN_UNGUARDED_AVAILABILITY = YES_AGGRESSIVE;
				CLANG_WARN_UNREACHABLE_CODE = YES;
				CLANG_WARN__DUPLICATE_METHOD_MATCH = YES;
				COPY_PHASE_STRIP = NO;
				DEBUG_INFORMATION_FORMAT = "dwarf-with-dsym";
				ENABLE_NS_ASSERTIONS = NO;
				ENABLE_STRICT_OBJC_MSGSEND = YES;
				ENABLE_USER_SCRIPT_SANDBOXING = YES;
				GCC_C_LANGUAGE_STANDARD = gnu17;
				GCC_NO_COMMON_BLOCKS = YES;
				GCC_WARN_64_TO_32_BIT_CONVERSION = YES;
				GCC_WARN_ABOUT_RETURN_TYPE = YES_ERROR;
				GCC_WARN_UNDECLARED_SELECTOR = YES;
				GCC_WARN_UNINITIALIZED_AUTOS = YES_AGGRESSIVE;
				GCC_WARN_UNUSED_FUNCTION = YES;
				GCC_WARN_UNUSED_VARIABLE = YES;
				IPHONEOS_DEPLOYMENT_TARGET = 18.2;
				LOCALIZATION_PREFERS_STRING_CATALOGS = YES;
				MTL_ENABLE_DEBUG_INFO = NO;
				MTL_FAST_MATH = YES;
				SDKROOT = iphoneos;
				SWIFT_COMPILATION_MODE = wholemodule;
				VALIDATE_PRODUCT = YES;
			};
			name = Release;
		};
/* End XCBuildConfiguration section */

/* Begin XCConfigurationList section */
		D0984ADD2D9E439100E9B906 /* Build configuration list for PBXProject "DemoNotification" */ = {
			isa = XCConfigurationList;
			buildConfigurations = (
				D0984AF82D9E439300E9B906 /* Debug */,
				D0984AF92D9E439300E9B906 /* Release */,
			);
			defaultConfigurationIsVisible = 0;
			defaultConfigurationName = Release;
		};
		D0984AF52D9E439300E9B906 /* Build configuration list for PBXNativeTarget "DemoNotification" */ = {
			isa = XCConfigurationList;
			buildConfigurations = (
				D0984AF62D9E439300E9B906 /* Debug */,
				D0984AF72D9E439300E9B906 /* Release */,
			);
			defaultConfigurationIsVisible = 0;
			defaultConfigurationName = Release;
		};
/* End XCConfigurationList section */

/* Begin XCRemoteSwiftPackageReference section */
		D091C9932DA40C4E000C39EF /* XCRemoteSwiftPackageReference "firebase-ios-sdk" */ = {
			isa = XCRemoteSwiftPackageReference;
			repositoryURL = "https://github.com/firebase/firebase-ios-sdk.git";
			requirement = {
				kind = upToNextMajorVersion;
				minimumVersion = 11.11.0;
			};
		};
/* End XCRemoteSwiftPackageReference section */

/* Begin XCSwiftPackageProductDependency section */
		D091C9942DA40C4E000C39EF /* FirebaseAnalytics */ = {
			isa = XCSwiftPackageProductDependency;
			package = D091C9932DA40C4E000C39EF /* XCRemoteSwiftPackageReference "firebase-ios-sdk" */;
			productName = FirebaseAnalytics;
		};
		D091C9962DA40C4E000C39EF /* FirebaseAnalyticsOnDeviceConversion */ = {
			isa = XCSwiftPackageProductDependency;
			package = D091C9932DA40C4E000C39EF /* XCRemoteSwiftPackageReference "firebase-ios-sdk" */;
			productName = FirebaseAnalyticsOnDeviceConversion;
		};
		D091C9982DA40C4E000C39EF /* FirebaseAnalyticsWithoutAdIdSupport */ = {
			isa = XCSwiftPackageProductDependency;
			package = D091C9932DA40C4E000C39EF /* XCRemoteSwiftPackageReference "firebase-ios-sdk" */;
			productName = FirebaseAnalyticsWithoutAdIdSupport;
		};
		D091C99A2DA40C4E000C39EF /* FirebaseAppCheck */ = {
			isa = XCSwiftPackageProductDependency;
			package = D091C9932DA40C4E000C39EF /* XCRemoteSwiftPackageReference "firebase-ios-sdk" */;
			productName = FirebaseAppCheck;
		};
		D091C99C2DA40C4E000C39EF /* FirebaseAppDistribution-Beta */ = {
			isa = XCSwiftPackageProductDependency;
			package = D091C9932DA40C4E000C39EF /* XCRemoteSwiftPackageReference "firebase-ios-sdk" */;
			productName = "FirebaseAppDistribution-Beta";
		};
		D091C99E2DA40C4E000C39EF /* FirebaseInAppMessaging-Beta */ = {
			isa = XCSwiftPackageProductDependency;
			package = D091C9932DA40C4E000C39EF /* XCRemoteSwiftPackageReference "firebase-ios-sdk" */;
			productName = "FirebaseInAppMessaging-Beta";
		};
		D091C9A02DA40C4E000C39EF /* FirebaseMessaging */ = {
			isa = XCSwiftPackageProductDependency;
			package = D091C9932DA40C4E000C39EF /* XCRemoteSwiftPackageReference "firebase-ios-sdk" */;
			productName = FirebaseMessaging;
		};
/* End XCSwiftPackageProductDependency section */
	};
	rootObject = D0984ADA2D9E439100E9B906 /* Project object */;
}
