// !$*UTF8*$!
{
	archiveVersion = 1;
	classes = {
	};
	objectVersion = 56;
	objects = {

/* Begin PBXBuildFile section */
		D034F0122D477AE300B70BFB /* AccountSumaryCell.swift in Sources */ = {isa = PBXBuildFile; fileRef = D034F0112D477AE300B70BFB /* AccountSumaryCell.swift */; };
		D08977FE2D4253140098049F /* AppDelegate.swift in Sources */ = {isa = PBXBuildFile; fileRef = D08977FD2D4253140098049F /* AppDelegate.swift */; };
		D08978002D4253140098049F /* SceneDelegate.swift in Sources */ = {isa = PBXBuildFile; fileRef = D08977FF2D4253140098049F /* SceneDelegate.swift */; };
		D08978022D4253140098049F /* LoginViewController.swift in Sources */ = {isa = PBXBuildFile; fileRef = D08978012D4253140098049F /* LoginViewController.swift */; };
		D08978072D4253150098049F /* Assets.xcassets in Resources */ = {isa = PBXBuildFile; fileRef = D08978062D4253150098049F /* Assets.xcassets */; };
		D089780A2D4253150098049F /* LaunchScreen.storyboard in Resources */ = {isa = PBXBuildFile; fileRef = D08978082D4253150098049F /* LaunchScreen.storyboard */; };
		D0A2C9A72D48886D004731A3 /* CurrencyFormatter.swift in Sources */ = {isa = PBXBuildFile; fileRef = D0A2C9A62D48886D004731A3 /* CurrencyFormatter.swift */; };
		D0A2C9B62D49FFD5004731A3 /* CurrencyFormatterTest.swift in Sources */ = {isa = PBXBuildFile; fileRef = D0A2C9B52D49FFD5004731A3 /* CurrencyFormatterTest.swift */; };
		D0A2C9B82D4A1E08004731A3 /* NSNotificationName.swift in Sources */ = {isa = PBXBuildFile; fileRef = D0A2C9B72D4A1E08004731A3 /* NSNotificationName.swift */; };
		D0A2C9BA2D4A2581004731A3 /* UITextField+.swift in Sources */ = {isa = PBXBuildFile; fileRef = D0A2C9B92D4A2581004731A3 /* UITextField+.swift */; };
		D0A2C9BD2D4CC05D004731A3 /* ShakeyBellView.swift in Sources */ = {isa = PBXBuildFile; fileRef = D0A2C9BC2D4CC05D004731A3 /* ShakeyBellView.swift */; };
		D0A3272B2D4D0780005C62C4 /* LoginView.swift in Sources */ = {isa = PBXBuildFile; fileRef = D0A3272A2D4D0780005C62C4 /* LoginView.swift */; };
		D0BECFA52D43CDD200ECF11F /* OnboardingContainerViewController.swift in Sources */ = {isa = PBXBuildFile; fileRef = D0BECFA42D43CDD200ECF11F /* OnboardingContainerViewController.swift */; };
		D0BECFA72D43D0EA00ECF11F /* OnboardingViewController.swift in Sources */ = {isa = PBXBuildFile; fileRef = D0BECFA62D43D0EA00ECF11F /* OnboardingViewController.swift */; };
		D0BECFA92D44D04600ECF11F /* DummyVIewController.swift in Sources */ = {isa = PBXBuildFile; fileRef = D0BECFA82D44D04600ECF11F /* DummyVIewController.swift */; };
		D0BECFAC2D44DB2900ECF11F /* LocalStorage.swift in Sources */ = {isa = PBXBuildFile; fileRef = D0BECFAB2D44DB2900ECF11F /* LocalStorage.swift */; };
		D0BECFAF2D45254700ECF11F /* UIViewController+.swift in Sources */ = {isa = PBXBuildFile; fileRef = D0BECFAE2D45254700ECF11F /* UIViewController+.swift */; };
		D0BECFB12D45287C00ECF11F /* MainViewController.swift in Sources */ = {isa = PBXBuildFile; fileRef = D0BECFB02D45287C00ECF11F /* MainViewController.swift */; };
		D0BECFB42D476EB500ECF11F /* AccountSummaryViewController.swift in Sources */ = {isa = PBXBuildFile; fileRef = D0BECFB32D476EB500ECF11F /* AccountSummaryViewController.swift */; };
		D0BECFB62D47706000ECF11F /* AccountSummaryHeaderView.swift in Sources */ = {isa = PBXBuildFile; fileRef = D0BECFB52D47706000ECF11F /* AccountSummaryHeaderView.swift */; };
		D0BECFB82D4770E900ECF11F /* AccountSummaryHeaderView.xib in Resources */ = {isa = PBXBuildFile; fileRef = D0BECFB72D4770E900ECF11F /* AccountSummaryHeaderView.xib */; };
/* End PBXBuildFile section */

/* Begin PBXContainerItemProxy section */
		D0A2C9B02D49FF3C004731A3 /* PBXContainerItemProxy */ = {
			isa = PBXContainerItemProxy;
			containerPortal = D08977F22D4253140098049F /* Project object */;
			proxyType = 1;
			remoteGlobalIDString = D08977F92D4253140098049F;
			remoteInfo = Bankey;
		};
/* End PBXContainerItemProxy section */

/* Begin PBXFileReference section */
		D034F0112D477AE300B70BFB /* AccountSumaryCell.swift */ = {isa = PBXFileReference; lastKnownFileType = sourcecode.swift; path = AccountSumaryCell.swift; sourceTree = "<group>"; };
		D08977FA2D4253140098049F /* Bankey.app */ = {isa = PBXFileReference; explicitFileType = wrapper.application; includeInIndex = 0; path = Bankey.app; sourceTree = BUILT_PRODUCTS_DIR; };
		D08977FD2D4253140098049F /* AppDelegate.swift */ = {isa = PBXFileReference; lastKnownFileType = sourcecode.swift; path = AppDelegate.swift; sourceTree = "<group>"; };
		D08977FF2D4253140098049F /* SceneDelegate.swift */ = {isa = PBXFileReference; lastKnownFileType = sourcecode.swift; path = SceneDelegate.swift; sourceTree = "<group>"; };
		D08978012D4253140098049F /* LoginViewController.swift */ = {isa = PBXFileReference; lastKnownFileType = sourcecode.swift; path = LoginViewController.swift; sourceTree = "<group>"; };
		D08978062D4253150098049F /* Assets.xcassets */ = {isa = PBXFileReference; lastKnownFileType = folder.assetcatalog; path = Assets.xcassets; sourceTree = "<group>"; };
		D08978092D4253150098049F /* Base */ = {isa = PBXFileReference; lastKnownFileType = file.storyboard; name = Base; path = Base.lproj/LaunchScreen.storyboard; sourceTree = "<group>"; };
		D089780B2D4253150098049F /* Info.plist */ = {isa = PBXFileReference; lastKnownFileType = text.plist.xml; path = Info.plist; sourceTree = "<group>"; };
		D0A2C9A62D48886D004731A3 /* CurrencyFormatter.swift */ = {isa = PBXFileReference; lastKnownFileType = sourcecode.swift; path = CurrencyFormatter.swift; sourceTree = "<group>"; };
		D0A2C9AC2D49FF3C004731A3 /* BankeyUnitTests.xctest */ = {isa = PBXFileReference; explicitFileType = wrapper.cfbundle; includeInIndex = 0; path = BankeyUnitTests.xctest; sourceTree = BUILT_PRODUCTS_DIR; };
		D0A2C9B52D49FFD5004731A3 /* CurrencyFormatterTest.swift */ = {isa = PBXFileReference; lastKnownFileType = sourcecode.swift; path = CurrencyFormatterTest.swift; sourceTree = "<group>"; };
		D0A2C9B72D4A1E08004731A3 /* NSNotificationName.swift */ = {isa = PBXFileReference; lastKnownFileType = sourcecode.swift; path = NSNotificationName.swift; sourceTree = "<group>"; };
		D0A2C9B92D4A2581004731A3 /* UITextField+.swift */ = {isa = PBXFileReference; lastKnownFileType = sourcecode.swift; path = "UITextField+.swift"; sourceTree = "<group>"; };
		D0A2C9BC2D4CC05D004731A3 /* ShakeyBellView.swift */ = {isa = PBXFileReference; lastKnownFileType = sourcecode.swift; path = ShakeyBellView.swift; sourceTree = "<group>"; };
		D0A3272A2D4D0780005C62C4 /* LoginView.swift */ = {isa = PBXFileReference; lastKnownFileType = sourcecode.swift; path = LoginView.swift; sourceTree = "<group>"; };
		D0BECFA42D43CDD200ECF11F /* OnboardingContainerViewController.swift */ = {isa = PBXFileReference; lastKnownFileType = sourcecode.swift; path = OnboardingContainerViewController.swift; sourceTree = "<group>"; };
		D0BECFA62D43D0EA00ECF11F /* OnboardingViewController.swift */ = {isa = PBXFileReference; lastKnownFileType = sourcecode.swift; path = OnboardingViewController.swift; sourceTree = "<group>"; };
		D0BECFA82D44D04600ECF11F /* DummyVIewController.swift */ = {isa = PBXFileReference; lastKnownFileType = sourcecode.swift; path = DummyVIewController.swift; sourceTree = "<group>"; };
		D0BECFAB2D44DB2900ECF11F /* LocalStorage.swift */ = {isa = PBXFileReference; lastKnownFileType = sourcecode.swift; path = LocalStorage.swift; sourceTree = "<group>"; };
		D0BECFAE2D45254700ECF11F /* UIViewController+.swift */ = {isa = PBXFileReference; lastKnownFileType = sourcecode.swift; path = "UIViewController+.swift"; sourceTree = "<group>"; };
		D0BECFB02D45287C00ECF11F /* MainViewController.swift */ = {isa = PBXFileReference; lastKnownFileType = sourcecode.swift; path = MainViewController.swift; sourceTree = "<group>"; };
		D0BECFB32D476EB500ECF11F /* AccountSummaryViewController.swift */ = {isa = PBXFileReference; lastKnownFileType = sourcecode.swift; path = AccountSummaryViewController.swift; sourceTree = "<group>"; };
		D0BECFB52D47706000ECF11F /* AccountSummaryHeaderView.swift */ = {isa = PBXFileReference; lastKnownFileType = sourcecode.swift; path = AccountSummaryHeaderView.swift; sourceTree = "<group>"; };
		D0BECFB72D4770E900ECF11F /* AccountSummaryHeaderView.xib */ = {isa = PBXFileReference; lastKnownFileType = file.xib; path = AccountSummaryHeaderView.xib; sourceTree = "<group>"; };
/* End PBXFileReference section */

/* Begin PBXFrameworksBuildPhase section */
		D08977F72D4253140098049F /* Frameworks */ = {
			isa = PBXFrameworksBuildPhase;
			buildActionMask = 2147483647;
			files = (
			);
			runOnlyForDeploymentPostprocessing = 0;
		};
		D0A2C9A92D49FF3C004731A3 /* Frameworks */ = {
			isa = PBXFrameworksBuildPhase;
			buildActionMask = 2147483647;
			files = (
			);
			runOnlyForDeploymentPostprocessing = 0;
		};
/* End PBXFrameworksBuildPhase section */

/* Begin PBXGroup section */
		D034F00F2D477AC400B70BFB /* Header */ = {
			isa = PBXGroup;
			children = (
				D0BECFB52D47706000ECF11F /* AccountSummaryHeaderView.swift */,
				D0BECFB72D4770E900ECF11F /* AccountSummaryHeaderView.xib */,
			);
			path = Header;
			sourceTree = "<group>";
		};
		D034F0102D477AD000B70BFB /* Cell */ = {
			isa = PBXGroup;
			children = (
				D034F0112D477AE300B70BFB /* AccountSumaryCell.swift */,
				D0A2C9A62D48886D004731A3 /* CurrencyFormatter.swift */,
			);
			path = Cell;
			sourceTree = "<group>";
		};
		D08977F12D4253140098049F = {
			isa = PBXGroup;
			children = (
				D08977FC2D4253140098049F /* Bankey */,
				D0A2C9AD2D49FF3C004731A3 /* BankeyUnitTests */,
				D08977FB2D4253140098049F /* Products */,
			);
			sourceTree = "<group>";
		};
		D08977FB2D4253140098049F /* Products */ = {
			isa = PBXGroup;
			children = (
				D08977FA2D4253140098049F /* Bankey.app */,
				D0A2C9AC2D49FF3C004731A3 /* BankeyUnitTests.xctest */,
			);
			name = Products;
			sourceTree = "<group>";
		};
		D08977FC2D4253140098049F /* Bankey */ = {
			isa = PBXGroup;
			children = (
				D0BECFAD2D45253200ECF11F /* Extention */,
				D0BECFAA2D44DB1800ECF11F /* Ultis */,
				D08978112D42548C0098049F /* Screens */,
				D08977FD2D4253140098049F /* AppDelegate.swift */,
				D08977FF2D4253140098049F /* SceneDelegate.swift */,
				D08978062D4253150098049F /* Assets.xcassets */,
				D08978082D4253150098049F /* LaunchScreen.storyboard */,
				D089780B2D4253150098049F /* Info.plist */,
				D0BECFB02D45287C00ECF11F /* MainViewController.swift */,
			);
			path = Bankey;
			sourceTree = "<group>";
		};
		D08978112D42548C0098049F /* Screens */ = {
			isa = PBXGroup;
			children = (
				D0BECFB22D476E9F00ECF11F /* AccountSumary */,
				D0BECFA32D43CDC200ECF11F /* Onboarding */,
				D08978122D4254940098049F /* Login */,
			);
			path = Screens;
			sourceTree = "<group>";
		};
		D08978122D4254940098049F /* Login */ = {
			isa = PBXGroup;
			children = (
				D0A2C9BB2D4CC037004731A3 /* View */,
				D08978012D4253140098049F /* LoginViewController.swift */,
				D0BECFA82D44D04600ECF11F /* DummyVIewController.swift */,
			);
			path = Login;
			sourceTree = "<group>";
		};
		D0A2C9AD2D49FF3C004731A3 /* BankeyUnitTests */ = {
			isa = PBXGroup;
			children = (
				D0A2C9B52D49FFD5004731A3 /* CurrencyFormatterTest.swift */,
			);
			path = BankeyUnitTests;
			sourceTree = "<group>";
		};
		D0A2C9BB2D4CC037004731A3 /* View */ = {
			isa = PBXGroup;
			children = (
				D0A2C9BC2D4CC05D004731A3 /* ShakeyBellView.swift */,
				D0A3272A2D4D0780005C62C4 /* LoginView.swift */,
			);
			name = View;
			path = "Vieư";
			sourceTree = "<group>";
		};
		D0BECFA32D43CDC200ECF11F /* Onboarding */ = {
			isa = PBXGroup;
			children = (
				D0BECFA42D43CDD200ECF11F /* OnboardingContainerViewController.swift */,
				D0BECFA62D43D0EA00ECF11F /* OnboardingViewController.swift */,
			);
			path = Onboarding;
			sourceTree = "<group>";
		};
		D0BECFAA2D44DB1800ECF11F /* Ultis */ = {
			isa = PBXGroup;
			children = (
				D0BECFAB2D44DB2900ECF11F /* LocalStorage.swift */,
				D0A2C9B72D4A1E08004731A3 /* NSNotificationName.swift */,
				D0A2C9B92D4A2581004731A3 /* UITextField+.swift */,
			);
			path = Ultis;
			sourceTree = "<group>";
		};
		D0BECFAD2D45253200ECF11F /* Extention */ = {
			isa = PBXGroup;
			children = (
				D0BECFAE2D45254700ECF11F /* UIViewController+.swift */,
			);
			path = Extention;
			sourceTree = "<group>";
		};
		D0BECFB22D476E9F00ECF11F /* AccountSumary */ = {
			isa = PBXGroup;
			children = (
				D034F0102D477AD000B70BFB /* Cell */,
				D034F00F2D477AC400B70BFB /* Header */,
				D0BECFB32D476EB500ECF11F /* AccountSummaryViewController.swift */,
			);
			path = AccountSumary;
			sourceTree = "<group>";
		};
/* End PBXGroup section */

/* Begin PBXNativeTarget section */
		D08977F92D4253140098049F /* Bankey */ = {
			isa = PBXNativeTarget;
			buildConfigurationList = D089780E2D4253150098049F /* Build configuration list for PBXNativeTarget "Bankey" */;
			buildPhases = (
				D08977F62D4253140098049F /* Sources */,
				D08977F72D4253140098049F /* Frameworks */,
				D08977F82D4253140098049F /* Resources */,
			);
			buildRules = (
			);
			dependencies = (
			);
			name = Bankey;
			productName = Bankey;
			productReference = D08977FA2D4253140098049F /* Bankey.app */;
			productType = "com.apple.product-type.application";
		};
		D0A2C9AB2D49FF3C004731A3 /* BankeyUnitTests */ = {
			isa = PBXNativeTarget;
			buildConfigurationList = D0A2C9B22D49FF3C004731A3 /* Build configuration list for PBXNativeTarget "BankeyUnitTests" */;
			buildPhases = (
				D0A2C9A82D49FF3C004731A3 /* Sources */,
				D0A2C9A92D49FF3C004731A3 /* Frameworks */,
				D0A2C9AA2D49FF3C004731A3 /* Resources */,
			);
			buildRules = (
			);
			dependencies = (
				D0A2C9B12D49FF3C004731A3 /* PBXTargetDependency */,
			);
			name = BankeyUnitTests;
			productName = BankeyUnitTests;
			productReference = D0A2C9AC2D49FF3C004731A3 /* BankeyUnitTests.xctest */;
			productType = "com.apple.product-type.bundle.unit-test";
		};
/* End PBXNativeTarget section */

/* Begin PBXProject section */
		D08977F22D4253140098049F /* Project object */ = {
			isa = PBXProject;
			attributes = {
				BuildIndependentTargetsInParallel = 1;
				LastSwiftUpdateCheck = 1500;
				LastUpgradeCheck = 1500;
				TargetAttributes = {
					D08977F92D4253140098049F = {
						CreatedOnToolsVersion = 15.0.1;
					};
					D0A2C9AB2D49FF3C004731A3 = {
						CreatedOnToolsVersion = 15.0.1;
						LastSwiftMigration = 1500;
						TestTargetID = D08977F92D4253140098049F;
					};
				};
			};
			buildConfigurationList = D08977F52D4253140098049F /* Build configuration list for PBXProject "Bankey" */;
			compatibilityVersion = "Xcode 14.0";
			developmentRegion = en;
			hasScannedForEncodings = 0;
			knownRegions = (
				en,
				Base,
			);
			mainGroup = D08977F12D4253140098049F;
			productRefGroup = D08977FB2D4253140098049F /* Products */;
			projectDirPath = "";
			projectRoot = "";
			targets = (
				D08977F92D4253140098049F /* Bankey */,
				D0A2C9AB2D49FF3C004731A3 /* BankeyUnitTests */,
			);
		};
/* End PBXProject section */

/* Begin PBXResourcesBuildPhase section */
		D08977F82D4253140098049F /* Resources */ = {
			isa = PBXResourcesBuildPhase;
			buildActionMask = 2147483647;
			files = (
				D089780A2D4253150098049F /* LaunchScreen.storyboard in Resources */,
				D08978072D4253150098049F /* Assets.xcassets in Resources */,
				D0BECFB82D4770E900ECF11F /* AccountSummaryHeaderView.xib in Resources */,
			);
			runOnlyForDeploymentPostprocessing = 0;
		};
		D0A2C9AA2D49FF3C004731A3 /* Resources */ = {
			isa = PBXResourcesBuildPhase;
			buildActionMask = 2147483647;
			files = (
			);
			runOnlyForDeploymentPostprocessing = 0;
		};
/* End PBXResourcesBuildPhase section */

/* Begin PBXSourcesBuildPhase section */
		D08977F62D4253140098049F /* Sources */ = {
			isa = PBXSourcesBuildPhase;
			buildActionMask = 2147483647;
			files = (
				D034F0122D477AE300B70BFB /* AccountSumaryCell.swift in Sources */,
				D0BECFB62D47706000ECF11F /* AccountSummaryHeaderView.swift in Sources */,
				D08978022D4253140098049F /* LoginViewController.swift in Sources */,
				D0BECFA92D44D04600ECF11F /* DummyVIewController.swift in Sources */,
				D0BECFA72D43D0EA00ECF11F /* OnboardingViewController.swift in Sources */,
				D0A2C9A72D48886D004731A3 /* CurrencyFormatter.swift in Sources */,
				D08977FE2D4253140098049F /* AppDelegate.swift in Sources */,
				D0A2C9B82D4A1E08004731A3 /* NSNotificationName.swift in Sources */,
				D0BECFAF2D45254700ECF11F /* UIViewController+.swift in Sources */,
				D0A2C9BD2D4CC05D004731A3 /* ShakeyBellView.swift in Sources */,
				D0A3272B2D4D0780005C62C4 /* LoginView.swift in Sources */,
				D0BECFAC2D44DB2900ECF11F /* LocalStorage.swift in Sources */,
				D0BECFA52D43CDD200ECF11F /* OnboardingContainerViewController.swift in Sources */,
				D0BECFB42D476EB500ECF11F /* AccountSummaryViewController.swift in Sources */,
				D08978002D4253140098049F /* SceneDelegate.swift in Sources */,
				D0BECFB12D45287C00ECF11F /* MainViewController.swift in Sources */,
				D0A2C9BA2D4A2581004731A3 /* UITextField+.swift in Sources */,
			);
			runOnlyForDeploymentPostprocessing = 0;
		};
		D0A2C9A82D49FF3C004731A3 /* Sources */ = {
			isa = PBXSourcesBuildPhase;
			buildActionMask = 2147483647;
			files = (
				D0A2C9B62D49FFD5004731A3 /* CurrencyFormatterTest.swift in Sources */,
			);
			runOnlyForDeploymentPostprocessing = 0;
		};
/* End PBXSourcesBuildPhase section */

/* Begin PBXTargetDependency section */
		D0A2C9B12D49FF3C004731A3 /* PBXTargetDependency */ = {
			isa = PBXTargetDependency;
			target = D08977F92D4253140098049F /* Bankey */;
			targetProxy = D0A2C9B02D49FF3C004731A3 /* PBXContainerItemProxy */;
		};
/* End PBXTargetDependency section */

/* Begin PBXVariantGroup section */
		D08978082D4253150098049F /* LaunchScreen.storyboard */ = {
			isa = PBXVariantGroup;
			children = (
				D08978092D4253150098049F /* Base */,
			);
			name = LaunchScreen.storyboard;
			sourceTree = "<group>";
		};
/* End PBXVariantGroup section */

/* Begin XCBuildConfiguration section */
		D089780C2D4253150098049F /* Debug */ = {
			isa = XCBuildConfiguration;
			buildSettings = {
				ALWAYS_SEARCH_USER_PATHS = NO;
				ASSETCATALOG_COMPILER_GENERATE_SWIFT_ASSET_SYMBOL_EXTENSIONS = YES;
				CLANG_ANALYZER_NONNULL = YES;
				CLANG_ANALYZER_NUMBER_OBJECT_CONVERSION = YES_AGGRESSIVE;
				CLANG_CXX_LANGUAGE_STANDARD = "gnu++20";
				CLANG_ENABLE_MODULES = YES;
				CLANG_ENABLE_OBJC_ARC = YES;
				CLANG_ENABLE_OBJC_WEAK = YES;
				CLANG_WARN_BLOCK_CAPTURE_AUTORELEASING = YES;
				CLANG_WARN_BOOL_CONVERSION = YES;
				CLANG_WARN_COMMA = YES;
				CLANG_WARN_CONSTANT_CONVERSION = YES;
				CLANG_WARN_DEPRECATED_OBJC_IMPLEMENTATIONS = YES;
				CLANG_WARN_DIRECT_OBJC_ISA_USAGE = YES_ERROR;
				CLANG_WARN_DOCUMENTATION_COMMENTS = YES;
				CLANG_WARN_EMPTY_BODY = YES;
				CLANG_WARN_ENUM_CONVERSION = YES;
				CLANG_WARN_INFINITE_RECURSION = YES;
				CLANG_WARN_INT_CONVERSION = YES;
				CLANG_WARN_NON_LITERAL_NULL_CONVERSION = YES;
				CLANG_WARN_OBJC_IMPLICIT_RETAIN_SELF = YES;
				CLANG_WARN_OBJC_LITERAL_CONVERSION = YES;
				CLANG_WARN_OBJC_ROOT_CLASS = YES_ERROR;
				CLANG_WARN_QUOTED_INCLUDE_IN_FRAMEWORK_HEADER = YES;
				CLANG_WARN_RANGE_LOOP_ANALYSIS = YES;
				CLANG_WARN_STRICT_PROTOTYPES = YES;
				CLANG_WARN_SUSPICIOUS_MOVE = YES;
				CLANG_WARN_UNGUARDED_AVAILABILITY = YES_AGGRESSIVE;
				CLANG_WARN_UNREACHABLE_CODE = YES;
				CLANG_WARN__DUPLICATE_METHOD_MATCH = YES;
				COPY_PHASE_STRIP = NO;
				DEBUG_INFORMATION_FORMAT = dwarf;
				ENABLE_STRICT_OBJC_MSGSEND = YES;
				ENABLE_TESTABILITY = YES;
				ENABLE_USER_SCRIPT_SANDBOXING = YES;
				GCC_C_LANGUAGE_STANDARD = gnu17;
				GCC_DYNAMIC_NO_PIC = NO;
				GCC_NO_COMMON_BLOCKS = YES;
				GCC_OPTIMIZATION_LEVEL = 0;
				GCC_PREPROCESSOR_DEFINITIONS = (
					"DEBUG=1",
					"$(inherited)",
				);
				GCC_WARN_64_TO_32_BIT_CONVERSION = YES;
				GCC_WARN_ABOUT_RETURN_TYPE = YES_ERROR;
				GCC_WARN_UNDECLARED_SELECTOR = YES;
				GCC_WARN_UNINITIALIZED_AUTOS = YES_AGGRESSIVE;
				GCC_WARN_UNUSED_FUNCTION = YES;
				GCC_WARN_UNUSED_VARIABLE = YES;
				IPHONEOS_DEPLOYMENT_TARGET = 17.0;
				LOCALIZATION_PREFERS_STRING_CATALOGS = YES;
				MTL_ENABLE_DEBUG_INFO = INCLUDE_SOURCE;
				MTL_FAST_MATH = YES;
				ONLY_ACTIVE_ARCH = YES;
				SDKROOT = iphoneos;
				SWIFT_ACTIVE_COMPILATION_CONDITIONS = "DEBUG $(inherited)";
				SWIFT_OPTIMIZATION_LEVEL = "-Onone";
			};
			name = Debug;
		};
		D089780D2D4253150098049F /* Release */ = {
			isa = XCBuildConfiguration;
			buildSettings = {
				ALWAYS_SEARCH_USER_PATHS = NO;
				ASSETCATALOG_COMPILER_GENERATE_SWIFT_ASSET_SYMBOL_EXTENSIONS = YES;
				CLANG_ANALYZER_NONNULL = YES;
				CLANG_ANALYZER_NUMBER_OBJECT_CONVERSION = YES_AGGRESSIVE;
				CLANG_CXX_LANGUAGE_STANDARD = "gnu++20";
				CLANG_ENABLE_MODULES = YES;
				CLANG_ENABLE_OBJC_ARC = YES;
				CLANG_ENABLE_OBJC_WEAK = YES;
				CLANG_WARN_BLOCK_CAPTURE_AUTORELEASING = YES;
				CLANG_WARN_BOOL_CONVERSION = YES;
				CLANG_WARN_COMMA = YES;
				CLANG_WARN_CONSTANT_CONVERSION = YES;
				CLANG_WARN_DEPRECATED_OBJC_IMPLEMENTATIONS = YES;
				CLANG_WARN_DIRECT_OBJC_ISA_USAGE = YES_ERROR;
				CLANG_WARN_DOCUMENTATION_COMMENTS = YES;
				CLANG_WARN_EMPTY_BODY = YES;
				CLANG_WARN_ENUM_CONVERSION = YES;
				CLANG_WARN_INFINITE_RECURSION = YES;
				CLANG_WARN_INT_CONVERSION = YES;
				CLANG_WARN_NON_LITERAL_NULL_CONVERSION = YES;
				CLANG_WARN_OBJC_IMPLICIT_RETAIN_SELF = YES;
				CLANG_WARN_OBJC_LITERAL_CONVERSION = YES;
				CLANG_WARN_OBJC_ROOT_CLASS = YES_ERROR;
				CLANG_WARN_QUOTED_INCLUDE_IN_FRAMEWORK_HEADER = YES;
				CLANG_WARN_RANGE_LOOP_ANALYSIS = YES;
				CLANG_WARN_STRICT_PROTOTYPES = YES;
				CLANG_WARN_SUSPICIOUS_MOVE = YES;
				CLANG_WARN_UNGUARDED_AVAILABILITY = YES_AGGRESSIVE;
				CLANG_WARN_UNREACHABLE_CODE = YES;
				CLANG_WARN__DUPLICATE_METHOD_MATCH = YES;
				COPY_PHASE_STRIP = NO;
				DEBUG_INFORMATION_FORMAT = "dwarf-with-dsym";
				ENABLE_NS_ASSERTIONS = NO;
				ENABLE_STRICT_OBJC_MSGSEND = YES;
				ENABLE_USER_SCRIPT_SANDBOXING = YES;
				GCC_C_LANGUAGE_STANDARD = gnu17;
				GCC_NO_COMMON_BLOCKS = YES;
				GCC_WARN_64_TO_32_BIT_CONVERSION = YES;
				GCC_WARN_ABOUT_RETURN_TYPE = YES_ERROR;
				GCC_WARN_UNDECLARED_SELECTOR = YES;
				GCC_WARN_UNINITIALIZED_AUTOS = YES_AGGRESSIVE;
				GCC_WARN_UNUSED_FUNCTION = YES;
				GCC_WARN_UNUSED_VARIABLE = YES;
				IPHONEOS_DEPLOYMENT_TARGET = 17.0;
				LOCALIZATION_PREFERS_STRING_CATALOGS = YES;
				MTL_ENABLE_DEBUG_INFO = NO;
				MTL_FAST_MATH = YES;
				SDKROOT = iphoneos;
				SWIFT_COMPILATION_MODE = wholemodule;
				VALIDATE_PRODUCT = YES;
			};
			name = Release;
		};
		D089780F2D4253150098049F /* Debug */ = {
			isa = XCBuildConfiguration;
			buildSettings = {
				ASSETCATALOG_COMPILER_APPICON_NAME = AppIcon;
				ASSETCATALOG_COMPILER_GLOBAL_ACCENT_COLOR_NAME = AccentColor;
				CODE_SIGN_STYLE = Automatic;
				CURRENT_PROJECT_VERSION = 1;
				GENERATE_INFOPLIST_FILE = YES;
				INFOPLIST_FILE = Bankey/Info.plist;
				INFOPLIST_KEY_UIApplicationSupportsIndirectInputEvents = YES;
				INFOPLIST_KEY_UILaunchStoryboardName = LaunchScreen;
				INFOPLIST_KEY_UISupportedInterfaceOrientations_iPad = "UIInterfaceOrientationPortrait UIInterfaceOrientationPortraitUpsideDown UIInterfaceOrientationLandscapeLeft UIInterfaceOrientationLandscapeRight";
				INFOPLIST_KEY_UISupportedInterfaceOrientations_iPhone = "UIInterfaceOrientationPortrait UIInterfaceOrientationLandscapeLeft UIInterfaceOrientationLandscapeRight";
				LD_RUNPATH_SEARCH_PATHS = (
					"$(inherited)",
					"@executable_path/Frameworks",
				);
				MARKETING_VERSION = 1.0;
				PRODUCT_BUNDLE_IDENTIFIER = com.rphi..Bankey;
				PRODUCT_NAME = "$(TARGET_NAME)";
				SWIFT_EMIT_LOC_STRINGS = YES;
				SWIFT_VERSION = 5.0;
				TARGETED_DEVICE_FAMILY = "1,2";
			};
			name = Debug;
		};
		D08978102D4253150098049F /* Release */ = {
			isa = XCBuildConfiguration;
			buildSettings = {
				ASSETCATALOG_COMPILER_APPICON_NAME = AppIcon;
				ASSETCATALOG_COMPILER_GLOBAL_ACCENT_COLOR_NAME = AccentColor;
				CODE_SIGN_STYLE = Automatic;
				CURRENT_PROJECT_VERSION = 1;
				GENERATE_INFOPLIST_FILE = YES;
				INFOPLIST_FILE = Bankey/Info.plist;
				INFOPLIST_KEY_UIApplicationSupportsIndirectInputEvents = YES;
				INFOPLIST_KEY_UILaunchStoryboardName = LaunchScreen;
				INFOPLIST_KEY_UISupportedInterfaceOrientations_iPad = "UIInterfaceOrientationPortrait UIInterfaceOrientationPortraitUpsideDown UIInterfaceOrientationLandscapeLeft UIInterfaceOrientationLandscapeRight";
				INFOPLIST_KEY_UISupportedInterfaceOrientations_iPhone = "UIInterfaceOrientationPortrait UIInterfaceOrientationLandscapeLeft UIInterfaceOrientationLandscapeRight";
				LD_RUNPATH_SEARCH_PATHS = (
					"$(inherited)",
					"@executable_path/Frameworks",
				);
				MARKETING_VERSION = 1.0;
				PRODUCT_BUNDLE_IDENTIFIER = com.rphi..Bankey;
				PRODUCT_NAME = "$(TARGET_NAME)";
				SWIFT_EMIT_LOC_STRINGS = YES;
				SWIFT_VERSION = 5.0;
				TARGETED_DEVICE_FAMILY = "1,2";
			};
			name = Release;
		};
		D0A2C9B32D49FF3C004731A3 /* Debug */ = {
			isa = XCBuildConfiguration;
			buildSettings = {
				BUNDLE_LOADER = "$(TEST_HOST)";
				CLANG_ENABLE_MODULES = YES;
				CODE_SIGN_STYLE = Automatic;
				CURRENT_PROJECT_VERSION = 1;
				GENERATE_INFOPLIST_FILE = YES;
				MARKETING_VERSION = 1.0;
				PRODUCT_BUNDLE_IDENTIFIER = com.rphi..BankeyUnitTests;
				PRODUCT_NAME = "$(TARGET_NAME)";
				SWIFT_EMIT_LOC_STRINGS = NO;
				SWIFT_OPTIMIZATION_LEVEL = "-Onone";
				SWIFT_VERSION = 5.0;
				TARGETED_DEVICE_FAMILY = "1,2";
				TEST_HOST = "$(BUILT_PRODUCTS_DIR)/Bankey.app/$(BUNDLE_EXECUTABLE_FOLDER_PATH)/Bankey";
			};
			name = Debug;
		};
		D0A2C9B42D49FF3C004731A3 /* Release */ = {
			isa = XCBuildConfiguration;
			buildSettings = {
				BUNDLE_LOADER = "$(TEST_HOST)";
				CLANG_ENABLE_MODULES = YES;
				CODE_SIGN_STYLE = Automatic;
				CURRENT_PROJECT_VERSION = 1;
				GENERATE_INFOPLIST_FILE = YES;
				MARKETING_VERSION = 1.0;
				PRODUCT_BUNDLE_IDENTIFIER = com.rphi..BankeyUnitTests;
				PRODUCT_NAME = "$(TARGET_NAME)";
				SWIFT_EMIT_LOC_STRINGS = NO;
				SWIFT_VERSION = 5.0;
				TARGETED_DEVICE_FAMILY = "1,2";
				TEST_HOST = "$(BUILT_PRODUCTS_DIR)/Bankey.app/$(BUNDLE_EXECUTABLE_FOLDER_PATH)/Bankey";
			};
			name = Release;
		};
/* End XCBuildConfiguration section */

/* Begin XCConfigurationList section */
		D08977F52D4253140098049F /* Build configuration list for PBXProject "Bankey" */ = {
			isa = XCConfigurationList;
			buildConfigurations = (
				D089780C2D4253150098049F /* Debug */,
				D089780D2D4253150098049F /* Release */,
			);
			defaultConfigurationIsVisible = 0;
			defaultConfigurationName = Release;
		};
		D089780E2D4253150098049F /* Build configuration list for PBXNativeTarget "Bankey" */ = {
			isa = XCConfigurationList;
			buildConfigurations = (
				D089780F2D4253150098049F /* Debug */,
				D08978102D4253150098049F /* Release */,
			);
			defaultConfigurationIsVisible = 0;
			defaultConfigurationName = Release;
		};
		D0A2C9B22D49FF3C004731A3 /* Build configuration list for PBXNativeTarget "BankeyUnitTests" */ = {
			isa = XCConfigurationList;
			buildConfigurations = (
				D0A2C9B32D49FF3C004731A3 /* Debug */,
				D0A2C9B42D49FF3C004731A3 /* Release */,
			);
			defaultConfigurationIsVisible = 0;
			defaultConfigurationName = Release;
		};
/* End XCConfigurationList section */
	};
	rootObject = D08977F22D4253140098049F /* Project object */;
}
