// !$*UTF8*$!
{
	archiveVersion = 1;
	classes = {
	};
	objectVersion = 56;
	objects = {

/* Begin PBXBuildFile section */
		D07F077C2D81EA1F00B17F7E /* AppDelegate.swift in Sources */ = {isa = PBXBuildFile; fileRef = D07F077B2D81EA1F00B17F7E /* AppDelegate.swift */; };
		D07F077E2D81EA1F00B17F7E /* SceneDelegate.swift in Sources */ = {isa = PBXBuildFile; fileRef = D07F077D2D81EA1F00B17F7E /* SceneDelegate.swift */; };
		D07F07802D81EA1F00B17F7E /* ViewController.swift in Sources */ = {isa = PBXBuildFile; fileRef = D07F077F2D81EA1F00B17F7E /* ViewController.swift */; };
		D07F07832D81EA1F00B17F7E /* Main.storyboard in Resources */ = {isa = PBXBuildFile; fileRef = D07F07812D81EA1F00B17F7E /* Main.storyboard */; };
		D07F07862D81EA1F00B17F7E /* CoreDataDemo.xcdatamodeld in Sources */ = {isa = PBXBuildFile; fileRef = D07F07842D81EA1F00B17F7E /* CoreDataDemo.xcdatamodeld */; };
		D07F07882D81EA2000B17F7E /* Assets.xcassets in Resources */ = {isa = PBXBuildFile; fileRef = D07F07872D81EA2000B17F7E /* Assets.xcassets */; };
		D07F078B2D81EA2000B17F7E /* LaunchScreen.storyboard in Resources */ = {isa = PBXBuildFile; fileRef = D07F07892D81EA2000B17F7E /* LaunchScreen.storyboard */; };
		D07F07962D81EA2000B17F7E /* CoreDataDemoTests.swift in Sources */ = {isa = PBXBuildFile; fileRef = D07F07952D81EA2000B17F7E /* CoreDataDemoTests.swift */; };
		D07F07A02D81EA2000B17F7E /* CoreDataDemoUITests.swift in Sources */ = {isa = PBXBuildFile; fileRef = D07F079F2D81EA2000B17F7E /* CoreDataDemoUITests.swift */; };
		D07F07A22D81EA2000B17F7E /* CoreDataDemoUITestsLaunchTests.swift in Sources */ = {isa = PBXBuildFile; fileRef = D07F07A12D81EA2000B17F7E /* CoreDataDemoUITestsLaunchTests.swift */; };
/* End PBXBuildFile section */

/* Begin PBXContainerItemProxy section */
		D07F07922D81EA2000B17F7E /* PBXContainerItemProxy */ = {
			isa = PBXContainerItemProxy;
			containerPortal = D07F07702D81EA1F00B17F7E /* Project object */;
			proxyType = 1;
			remoteGlobalIDString = D07F07772D81EA1F00B17F7E;
			remoteInfo = CoreDataDemo;
		};
		D07F079C2D81EA2000B17F7E /* PBXContainerItemProxy */ = {
			isa = PBXContainerItemProxy;
			containerPortal = D07F07702D81EA1F00B17F7E /* Project object */;
			proxyType = 1;
			remoteGlobalIDString = D07F07772D81EA1F00B17F7E;
			remoteInfo = CoreDataDemo;
		};
/* End PBXContainerItemProxy section */

/* Begin PBXFileReference section */
		D07F07782D81EA1F00B17F7E /* CoreDataDemo.app */ = {isa = PBXFileReference; explicitFileType = wrapper.application; includeInIndex = 0; path = CoreDataDemo.app; sourceTree = BUILT_PRODUCTS_DIR; };
		D07F077B2D81EA1F00B17F7E /* AppDelegate.swift */ = {isa = PBXFileReference; lastKnownFileType = sourcecode.swift; path = AppDelegate.swift; sourceTree = "<group>"; };
		D07F077D2D81EA1F00B17F7E /* SceneDelegate.swift */ = {isa = PBXFileReference; lastKnownFileType = sourcecode.swift; path = SceneDelegate.swift; sourceTree = "<group>"; };
		D07F077F2D81EA1F00B17F7E /* ViewController.swift */ = {isa = PBXFileReference; lastKnownFileType = sourcecode.swift; path = ViewController.swift; sourceTree = "<group>"; };
		D07F07822D81EA1F00B17F7E /* Base */ = {isa = PBXFileReference; lastKnownFileType = file.storyboard; name = Base; path = Base.lproj/Main.storyboard; sourceTree = "<group>"; };
		D07F07852D81EA1F00B17F7E /* CoreDataDemo.xcdatamodel */ = {isa = PBXFileReference; lastKnownFileType = wrapper.xcdatamodel; path = CoreDataDemo.xcdatamodel; sourceTree = "<group>"; };
		D07F07872D81EA2000B17F7E /* Assets.xcassets */ = {isa = PBXFileReference; lastKnownFileType = folder.assetcatalog; path = Assets.xcassets; sourceTree = "<group>"; };
		D07F078A2D81EA2000B17F7E /* Base */ = {isa = PBXFileReference; lastKnownFileType = file.storyboard; name = Base; path = Base.lproj/LaunchScreen.storyboard; sourceTree = "<group>"; };
		D07F078C2D81EA2000B17F7E /* Info.plist */ = {isa = PBXFileReference; lastKnownFileType = text.plist.xml; path = Info.plist; sourceTree = "<group>"; };
		D07F07912D81EA2000B17F7E /* CoreDataDemoTests.xctest */ = {isa = PBXFileReference; explicitFileType = wrapper.cfbundle; includeInIndex = 0; path = CoreDataDemoTests.xctest; sourceTree = BUILT_PRODUCTS_DIR; };
		D07F07952D81EA2000B17F7E /* CoreDataDemoTests.swift */ = {isa = PBXFileReference; lastKnownFileType = sourcecode.swift; path = CoreDataDemoTests.swift; sourceTree = "<group>"; };
		D07F079B2D81EA2000B17F7E /* CoreDataDemoUITests.xctest */ = {isa = PBXFileReference; explicitFileType = wrapper.cfbundle; includeInIndex = 0; path = CoreDataDemoUITests.xctest; sourceTree = BUILT_PRODUCTS_DIR; };
		D07F079F2D81EA2000B17F7E /* CoreDataDemoUITests.swift */ = {isa = PBXFileReference; lastKnownFileType = sourcecode.swift; path = CoreDataDemoUITests.swift; sourceTree = "<group>"; };
		D07F07A12D81EA2000B17F7E /* CoreDataDemoUITestsLaunchTests.swift */ = {isa = PBXFileReference; lastKnownFileType = sourcecode.swift; path = CoreDataDemoUITestsLaunchTests.swift; sourceTree = "<group>"; };
/* End PBXFileReference section */

/* Begin PBXFrameworksBuildPhase section */
		D07F07752D81EA1F00B17F7E /* Frameworks */ = {
			isa = PBXFrameworksBuildPhase;
			buildActionMask = 2147483647;
			files = (
			);
			runOnlyForDeploymentPostprocessing = 0;
		};
		D07F078E2D81EA2000B17F7E /* Frameworks */ = {
			isa = PBXFrameworksBuildPhase;
			buildActionMask = 2147483647;
			files = (
			);
			runOnlyForDeploymentPostprocessing = 0;
		};
		D07F07982D81EA2000B17F7E /* Frameworks */ = {
			isa = PBXFrameworksBuildPhase;
			buildActionMask = 2147483647;
			files = (
			);
			runOnlyForDeploymentPostprocessing = 0;
		};
/* End PBXFrameworksBuildPhase section */

/* Begin PBXGroup section */
		D07F076F2D81EA1F00B17F7E = {
			isa = PBXGroup;
			children = (
				D07F077A2D81EA1F00B17F7E /* CoreDataDemo */,
				D07F07942D81EA2000B17F7E /* CoreDataDemoTests */,
				D07F079E2D81EA2000B17F7E /* CoreDataDemoUITests */,
				D07F07792D81EA1F00B17F7E /* Products */,
			);
			sourceTree = "<group>";
		};
		D07F07792D81EA1F00B17F7E /* Products */ = {
			isa = PBXGroup;
			children = (
				D07F07782D81EA1F00B17F7E /* CoreDataDemo.app */,
				D07F07912D81EA2000B17F7E /* CoreDataDemoTests.xctest */,
				D07F079B2D81EA2000B17F7E /* CoreDataDemoUITests.xctest */,
			);
			name = Products;
			sourceTree = "<group>";
		};
		D07F077A2D81EA1F00B17F7E /* CoreDataDemo */ = {
			isa = PBXGroup;
			children = (
				D07F077B2D81EA1F00B17F7E /* AppDelegate.swift */,
				D07F077D2D81EA1F00B17F7E /* SceneDelegate.swift */,
				D07F077F2D81EA1F00B17F7E /* ViewController.swift */,
				D07F07812D81EA1F00B17F7E /* Main.storyboard */,
				D07F07872D81EA2000B17F7E /* Assets.xcassets */,
				D07F07892D81EA2000B17F7E /* LaunchScreen.storyboard */,
				D07F078C2D81EA2000B17F7E /* Info.plist */,
				D07F07842D81EA1F00B17F7E /* CoreDataDemo.xcdatamodeld */,
			);
			path = CoreDataDemo;
			sourceTree = "<group>";
		};
		D07F07942D81EA2000B17F7E /* CoreDataDemoTests */ = {
			isa = PBXGroup;
			children = (
				D07F07952D81EA2000B17F7E /* CoreDataDemoTests.swift */,
			);
			path = CoreDataDemoTests;
			sourceTree = "<group>";
		};
		D07F079E2D81EA2000B17F7E /* CoreDataDemoUITests */ = {
			isa = PBXGroup;
			children = (
				D07F079F2D81EA2000B17F7E /* CoreDataDemoUITests.swift */,
				D07F07A12D81EA2000B17F7E /* CoreDataDemoUITestsLaunchTests.swift */,
			);
			path = CoreDataDemoUITests;
			sourceTree = "<group>";
		};
/* End PBXGroup section */

/* Begin PBXNativeTarget section */
		D07F07772D81EA1F00B17F7E /* CoreDataDemo */ = {
			isa = PBXNativeTarget;
			buildConfigurationList = D07F07A52D81EA2000B17F7E /* Build configuration list for PBXNativeTarget "CoreDataDemo" */;
			buildPhases = (
				D07F07742D81EA1F00B17F7E /* Sources */,
				D07F07752D81EA1F00B17F7E /* Frameworks */,
				D07F07762D81EA1F00B17F7E /* Resources */,
			);
			buildRules = (
			);
			dependencies = (
			);
			name = CoreDataDemo;
			productName = CoreDataDemo;
			productReference = D07F07782D81EA1F00B17F7E /* CoreDataDemo.app */;
			productType = "com.apple.product-type.application";
		};
		D07F07902D81EA2000B17F7E /* CoreDataDemoTests */ = {
			isa = PBXNativeTarget;
			buildConfigurationList = D07F07A82D81EA2000B17F7E /* Build configuration list for PBXNativeTarget "CoreDataDemoTests" */;
			buildPhases = (
				D07F078D2D81EA2000B17F7E /* Sources */,
				D07F078E2D81EA2000B17F7E /* Frameworks */,
				D07F078F2D81EA2000B17F7E /* Resources */,
			);
			buildRules = (
			);
			dependencies = (
				D07F07932D81EA2000B17F7E /* PBXTargetDependency */,
			);
			name = CoreDataDemoTests;
			productName = CoreDataDemoTests;
			productReference = D07F07912D81EA2000B17F7E /* CoreDataDemoTests.xctest */;
			productType = "com.apple.product-type.bundle.unit-test";
		};
		D07F079A2D81EA2000B17F7E /* CoreDataDemoUITests */ = {
			isa = PBXNativeTarget;
			buildConfigurationList = D07F07AB2D81EA2000B17F7E /* Build configuration list for PBXNativeTarget "CoreDataDemoUITests" */;
			buildPhases = (
				D07F07972D81EA2000B17F7E /* Sources */,
				D07F07982D81EA2000B17F7E /* Frameworks */,
				D07F07992D81EA2000B17F7E /* Resources */,
			);
			buildRules = (
			);
			dependencies = (
				D07F079D2D81EA2000B17F7E /* PBXTargetDependency */,
			);
			name = CoreDataDemoUITests;
			productName = CoreDataDemoUITests;
			productReference = D07F079B2D81EA2000B17F7E /* CoreDataDemoUITests.xctest */;
			productType = "com.apple.product-type.bundle.ui-testing";
		};
/* End PBXNativeTarget section */

/* Begin PBXProject section */
		D07F07702D81EA1F00B17F7E /* Project object */ = {
			isa = PBXProject;
			attributes = {
				BuildIndependentTargetsInParallel = 1;
				LastSwiftUpdateCheck = 1500;
				LastUpgradeCheck = 1500;
				TargetAttributes = {
					D07F07772D81EA1F00B17F7E = {
						CreatedOnToolsVersion = 15.0.1;
					};
					D07F07902D81EA2000B17F7E = {
						CreatedOnToolsVersion = 15.0.1;
						TestTargetID = D07F07772D81EA1F00B17F7E;
					};
					D07F079A2D81EA2000B17F7E = {
						CreatedOnToolsVersion = 15.0.1;
						TestTargetID = D07F07772D81EA1F00B17F7E;
					};
				};
			};
			buildConfigurationList = D07F07732D81EA1F00B17F7E /* Build configuration list for PBXProject "CoreDataDemo" */;
			compatibilityVersion = "Xcode 14.0";
			developmentRegion = en;
			hasScannedForEncodings = 0;
			knownRegions = (
				en,
				Base,
			);
			mainGroup = D07F076F2D81EA1F00B17F7E;
			productRefGroup = D07F07792D81EA1F00B17F7E /* Products */;
			projectDirPath = "";
			projectRoot = "";
			targets = (
				D07F07772D81EA1F00B17F7E /* CoreDataDemo */,
				D07F07902D81EA2000B17F7E /* CoreDataDemoTests */,
				D07F079A2D81EA2000B17F7E /* CoreDataDemoUITests */,
			);
		};
/* End PBXProject section */

/* Begin PBXResourcesBuildPhase section */
		D07F07762D81EA1F00B17F7E /* Resources */ = {
			isa = PBXResourcesBuildPhase;
			buildActionMask = 2147483647;
			files = (
				D07F078B2D81EA2000B17F7E /* LaunchScreen.storyboard in Resources */,
				D07F07882D81EA2000B17F7E /* Assets.xcassets in Resources */,
				D07F07832D81EA1F00B17F7E /* Main.storyboard in Resources */,
			);
			runOnlyForDeploymentPostprocessing = 0;
		};
		D07F078F2D81EA2000B17F7E /* Resources */ = {
			isa = PBXResourcesBuildPhase;
			buildActionMask = 2147483647;
			files = (
			);
			runOnlyForDeploymentPostprocessing = 0;
		};
		D07F07992D81EA2000B17F7E /* Resources */ = {
			isa = PBXResourcesBuildPhase;
			buildActionMask = 2147483647;
			files = (
			);
			runOnlyForDeploymentPostprocessing = 0;
		};
/* End PBXResourcesBuildPhase section */

/* Begin PBXSourcesBuildPhase section */
		D07F07742D81EA1F00B17F7E /* Sources */ = {
			isa = PBXSourcesBuildPhase;
			buildActionMask = 2147483647;
			files = (
				D07F07802D81EA1F00B17F7E /* ViewController.swift in Sources */,
				D07F07862D81EA1F00B17F7E /* CoreDataDemo.xcdatamodeld in Sources */,
				D07F077C2D81EA1F00B17F7E /* AppDelegate.swift in Sources */,
				D07F077E2D81EA1F00B17F7E /* SceneDelegate.swift in Sources */,
			);
			runOnlyForDeploymentPostprocessing = 0;
		};
		D07F078D2D81EA2000B17F7E /* Sources */ = {
			isa = PBXSourcesBuildPhase;
			buildActionMask = 2147483647;
			files = (
				D07F07962D81EA2000B17F7E /* CoreDataDemoTests.swift in Sources */,
			);
			runOnlyForDeploymentPostprocessing = 0;
		};
		D07F07972D81EA2000B17F7E /* Sources */ = {
			isa = PBXSourcesBuildPhase;
			buildActionMask = 2147483647;
			files = (
				D07F07A22D81EA2000B17F7E /* CoreDataDemoUITestsLaunchTests.swift in Sources */,
				D07F07A02D81EA2000B17F7E /* CoreDataDemoUITests.swift in Sources */,
			);
			runOnlyForDeploymentPostprocessing = 0;
		};
/* End PBXSourcesBuildPhase section */

/* Begin PBXTargetDependency section */
		D07F07932D81EA2000B17F7E /* PBXTargetDependency */ = {
			isa = PBXTargetDependency;
			target = D07F07772D81EA1F00B17F7E /* CoreDataDemo */;
			targetProxy = D07F07922D81EA2000B17F7E /* PBXContainerItemProxy */;
		};
		D07F079D2D81EA2000B17F7E /* PBXTargetDependency */ = {
			isa = PBXTargetDependency;
			target = D07F07772D81EA1F00B17F7E /* CoreDataDemo */;
			targetProxy = D07F079C2D81EA2000B17F7E /* PBXContainerItemProxy */;
		};
/* End PBXTargetDependency section */

/* Begin PBXVariantGroup section */
		D07F07812D81EA1F00B17F7E /* Main.storyboard */ = {
			isa = PBXVariantGroup;
			children = (
				D07F07822D81EA1F00B17F7E /* Base */,
			);
			name = Main.storyboard;
			sourceTree = "<group>";
		};
		D07F07892D81EA2000B17F7E /* LaunchScreen.storyboard */ = {
			isa = PBXVariantGroup;
			children = (
				D07F078A2D81EA2000B17F7E /* Base */,
			);
			name = LaunchScreen.storyboard;
			sourceTree = "<group>";
		};
/* End PBXVariantGroup section */

/* Begin XCBuildConfiguration section */
		D07F07A32D81EA2000B17F7E /* Debug */ = {
			isa = XCBuildConfiguration;
			buildSettings = {
				ALWAYS_SEARCH_USER_PATHS = NO;
				ASSETCATALOG_COMPILER_GENERATE_SWIFT_ASSET_SYMBOL_EXTENSIONS = YES;
				CLANG_ANALYZER_NONNULL = YES;
				CLANG_ANALYZER_NUMBER_OBJECT_CONVERSION = YES_AGGRESSIVE;
				CLANG_CXX_LANGUAGE_STANDARD = "gnu++20";
				CLANG_ENABLE_MODULES = YES;
				CLANG_ENABLE_OBJC_ARC = YES;
				CLANG_ENABLE_OBJC_WEAK = YES;
				CLANG_WARN_BLOCK_CAPTURE_AUTORELEASING = YES;
				CLANG_WARN_BOOL_CONVERSION = YES;
				CLANG_WARN_COMMA = YES;
				CLANG_WARN_CONSTANT_CONVERSION = YES;
				CLANG_WARN_DEPRECATED_OBJC_IMPLEMENTATIONS = YES;
				CLANG_WARN_DIRECT_OBJC_ISA_USAGE = YES_ERROR;
				CLANG_WARN_DOCUMENTATION_COMMENTS = YES;
				CLANG_WARN_EMPTY_BODY = YES;
				CLANG_WARN_ENUM_CONVERSION = YES;
				CLANG_WARN_INFINITE_RECURSION = YES;
				CLANG_WARN_INT_CONVERSION = YES;
				CLANG_WARN_NON_LITERAL_NULL_CONVERSION = YES;
				CLANG_WARN_OBJC_IMPLICIT_RETAIN_SELF = YES;
				CLANG_WARN_OBJC_LITERAL_CONVERSION = YES;
				CLANG_WARN_OBJC_ROOT_CLASS = YES_ERROR;
				CLANG_WARN_QUOTED_INCLUDE_IN_FRAMEWORK_HEADER = YES;
				CLANG_WARN_RANGE_LOOP_ANALYSIS = YES;
				CLANG_WARN_STRICT_PROTOTYPES = YES;
				CLANG_WARN_SUSPICIOUS_MOVE = YES;
				CLANG_WARN_UNGUARDED_AVAILABILITY = YES_AGGRESSIVE;
				CLANG_WARN_UNREACHABLE_CODE = YES;
				CLANG_WARN__DUPLICATE_METHOD_MATCH = YES;
				COPY_PHASE_STRIP = NO;
				DEBUG_INFORMATION_FORMAT = dwarf;
				ENABLE_STRICT_OBJC_MSGSEND = YES;
				ENABLE_TESTABILITY = YES;
				ENABLE_USER_SCRIPT_SANDBOXING = YES;
				GCC_C_LANGUAGE_STANDARD = gnu17;
				GCC_DYNAMIC_NO_PIC = NO;
				GCC_NO_COMMON_BLOCKS = YES;
				GCC_OPTIMIZATION_LEVEL = 0;
				GCC_PREPROCESSOR_DEFINITIONS = (
					"DEBUG=1",
					"$(inherited)",
				);
				GCC_WARN_64_TO_32_BIT_CONVERSION = YES;
				GCC_WARN_ABOUT_RETURN_TYPE = YES_ERROR;
				GCC_WARN_UNDECLARED_SELECTOR = YES;
				GCC_WARN_UNINITIALIZED_AUTOS = YES_AGGRESSIVE;
				GCC_WARN_UNUSED_FUNCTION = YES;
				GCC_WARN_UNUSED_VARIABLE = YES;
				IPHONEOS_DEPLOYMENT_TARGET = 17.0;
				LOCALIZATION_PREFERS_STRING_CATALOGS = YES;
				MTL_ENABLE_DEBUG_INFO = INCLUDE_SOURCE;
				MTL_FAST_MATH = YES;
				ONLY_ACTIVE_ARCH = YES;
				SDKROOT = iphoneos;
				SWIFT_ACTIVE_COMPILATION_CONDITIONS = "DEBUG $(inherited)";
				SWIFT_OPTIMIZATION_LEVEL = "-Onone";
			};
			name = Debug;
		};
		D07F07A42D81EA2000B17F7E /* Release */ = {
			isa = XCBuildConfiguration;
			buildSettings = {
				ALWAYS_SEARCH_USER_PATHS = NO;
				ASSETCATALOG_COMPILER_GENERATE_SWIFT_ASSET_SYMBOL_EXTENSIONS = YES;
				CLANG_ANALYZER_NONNULL = YES;
				CLANG_ANALYZER_NUMBER_OBJECT_CONVERSION = YES_AGGRESSIVE;
				CLANG_CXX_LANGUAGE_STANDARD = "gnu++20";
				CLANG_ENABLE_MODULES = YES;
				CLANG_ENABLE_OBJC_ARC = YES;
				CLANG_ENABLE_OBJC_WEAK = YES;
				CLANG_WARN_BLOCK_CAPTURE_AUTORELEASING = YES;
				CLANG_WARN_BOOL_CONVERSION = YES;
				CLANG_WARN_COMMA = YES;
				CLANG_WARN_CONSTANT_CONVERSION = YES;
				CLANG_WARN_DEPRECATED_OBJC_IMPLEMENTATIONS = YES;
				CLANG_WARN_DIRECT_OBJC_ISA_USAGE = YES_ERROR;
				CLANG_WARN_DOCUMENTATION_COMMENTS = YES;
				CLANG_WARN_EMPTY_BODY = YES;
				CLANG_WARN_ENUM_CONVERSION = YES;
				CLANG_WARN_INFINITE_RECURSION = YES;
				CLANG_WARN_INT_CONVERSION = YES;
				CLANG_WARN_NON_LITERAL_NULL_CONVERSION = YES;
				CLANG_WARN_OBJC_IMPLICIT_RETAIN_SELF = YES;
				CLANG_WARN_OBJC_LITERAL_CONVERSION = YES;
				CLANG_WARN_OBJC_ROOT_CLASS = YES_ERROR;
				CLANG_WARN_QUOTED_INCLUDE_IN_FRAMEWORK_HEADER = YES;
				CLANG_WARN_RANGE_LOOP_ANALYSIS = YES;
				CLANG_WARN_STRICT_PROTOTYPES = YES;
				CLANG_WARN_SUSPICIOUS_MOVE = YES;
				CLANG_WARN_UNGUARDED_AVAILABILITY = YES_AGGRESSIVE;
				CLANG_WARN_UNREACHABLE_CODE = YES;
				CLANG_WARN__DUPLICATE_METHOD_MATCH = YES;
				COPY_PHASE_STRIP = NO;
				DEBUG_INFORMATION_FORMAT = "dwarf-with-dsym";
				ENABLE_NS_ASSERTIONS = NO;
				ENABLE_STRICT_OBJC_MSGSEND = YES;
				ENABLE_USER_SCRIPT_SANDBOXING = YES;
				GCC_C_LANGUAGE_STANDARD = gnu17;
				GCC_NO_COMMON_BLOCKS = YES;
				GCC_WARN_64_TO_32_BIT_CONVERSION = YES;
				GCC_WARN_ABOUT_RETURN_TYPE = YES_ERROR;
				GCC_WARN_UNDECLARED_SELECTOR = YES;
				GCC_WARN_UNINITIALIZED_AUTOS = YES_AGGRESSIVE;
				GCC_WARN_UNUSED_FUNCTION = YES;
				GCC_WARN_UNUSED_VARIABLE = YES;
				IPHONEOS_DEPLOYMENT_TARGET = 17.0;
				LOCALIZATION_PREFERS_STRING_CATALOGS = YES;
				MTL_ENABLE_DEBUG_INFO = NO;
				MTL_FAST_MATH = YES;
				SDKROOT = iphoneos;
				SWIFT_COMPILATION_MODE = wholemodule;
				VALIDATE_PRODUCT = YES;
			};
			name = Release;
		};
		D07F07A62D81EA2000B17F7E /* Debug */ = {
			isa = XCBuildConfiguration;
			buildSettings = {
				ASSETCATALOG_COMPILER_APPICON_NAME = AppIcon;
				ASSETCATALOG_COMPILER_GLOBAL_ACCENT_COLOR_NAME = AccentColor;
				CODE_SIGN_STYLE = Automatic;
				CURRENT_PROJECT_VERSION = 1;
				GENERATE_INFOPLIST_FILE = YES;
				INFOPLIST_FILE = CoreDataDemo/Info.plist;
				INFOPLIST_KEY_UIApplicationSupportsIndirectInputEvents = YES;
				INFOPLIST_KEY_UILaunchStoryboardName = LaunchScreen;
				INFOPLIST_KEY_UIMainStoryboardFile = Main;
				INFOPLIST_KEY_UISupportedInterfaceOrientations_iPad = "UIInterfaceOrientationPortrait UIInterfaceOrientationPortraitUpsideDown UIInterfaceOrientationLandscapeLeft UIInterfaceOrientationLandscapeRight";
				INFOPLIST_KEY_UISupportedInterfaceOrientations_iPhone = "UIInterfaceOrientationPortrait UIInterfaceOrientationLandscapeLeft UIInterfaceOrientationLandscapeRight";
				LD_RUNPATH_SEARCH_PATHS = (
					"$(inherited)",
					"@executable_path/Frameworks",
				);
				MARKETING_VERSION = 1.0;
				PRODUCT_BUNDLE_IDENTIFIER = com.rphi..CoreDataDemo;
				PRODUCT_NAME = "$(TARGET_NAME)";
				SWIFT_EMIT_LOC_STRINGS = YES;
				SWIFT_VERSION = 5.0;
				TARGETED_DEVICE_FAMILY = "1,2";
			};
			name = Debug;
		};
		D07F07A72D81EA2000B17F7E /* Release */ = {
			isa = XCBuildConfiguration;
			buildSettings = {
				ASSETCATALOG_COMPILER_APPICON_NAME = AppIcon;
				ASSETCATALOG_COMPILER_GLOBAL_ACCENT_COLOR_NAME = AccentColor;
				CODE_SIGN_STYLE = Automatic;
				CURRENT_PROJECT_VERSION = 1;
				GENERATE_INFOPLIST_FILE = YES;
				INFOPLIST_FILE = CoreDataDemo/Info.plist;
				INFOPLIST_KEY_UIApplicationSupportsIndirectInputEvents = YES;
				INFOPLIST_KEY_UILaunchStoryboardName = LaunchScreen;
				INFOPLIST_KEY_UIMainStoryboardFile = Main;
				INFOPLIST_KEY_UISupportedInterfaceOrientations_iPad = "UIInterfaceOrientationPortrait UIInterfaceOrientationPortraitUpsideDown UIInterfaceOrientationLandscapeLeft UIInterfaceOrientationLandscapeRight";
				INFOPLIST_KEY_UISupportedInterfaceOrientations_iPhone = "UIInterfaceOrientationPortrait UIInterfaceOrientationLandscapeLeft UIInterfaceOrientationLandscapeRight";
				LD_RUNPATH_SEARCH_PATHS = (
					"$(inherited)",
					"@executable_path/Frameworks",
				);
				MARKETING_VERSION = 1.0;
				PRODUCT_BUNDLE_IDENTIFIER = com.rphi..CoreDataDemo;
				PRODUCT_NAME = "$(TARGET_NAME)";
				SWIFT_EMIT_LOC_STRINGS = YES;
				SWIFT_VERSION = 5.0;
				TARGETED_DEVICE_FAMILY = "1,2";
			};
			name = Release;
		};
		D07F07A92D81EA2000B17F7E /* Debug */ = {
			isa = XCBuildConfiguration;
			buildSettings = {
				ALWAYS_EMBED_SWIFT_STANDARD_LIBRARIES = YES;
				BUNDLE_LOADER = "$(TEST_HOST)";
				CODE_SIGN_STYLE = Automatic;
				CURRENT_PROJECT_VERSION = 1;
				GENERATE_INFOPLIST_FILE = YES;
				IPHONEOS_DEPLOYMENT_TARGET = 17.0;
				MARKETING_VERSION = 1.0;
				PRODUCT_BUNDLE_IDENTIFIER = com.rphi..CoreDataDemoTests;
				PRODUCT_NAME = "$(TARGET_NAME)";
				SWIFT_EMIT_LOC_STRINGS = NO;
				SWIFT_VERSION = 5.0;
				TARGETED_DEVICE_FAMILY = "1,2";
				TEST_HOST = "$(BUILT_PRODUCTS_DIR)/CoreDataDemo.app/$(BUNDLE_EXECUTABLE_FOLDER_PATH)/CoreDataDemo";
			};
			name = Debug;
		};
		D07F07AA2D81EA2000B17F7E /* Release */ = {
			isa = XCBuildConfiguration;
			buildSettings = {
				ALWAYS_EMBED_SWIFT_STANDARD_LIBRARIES = YES;
				BUNDLE_LOADER = "$(TEST_HOST)";
				CODE_SIGN_STYLE = Automatic;
				CURRENT_PROJECT_VERSION = 1;
				GENERATE_INFOPLIST_FILE = YES;
				IPHONEOS_DEPLOYMENT_TARGET = 17.0;
				MARKETING_VERSION = 1.0;
				PRODUCT_BUNDLE_IDENTIFIER = com.rphi..CoreDataDemoTests;
				PRODUCT_NAME = "$(TARGET_NAME)";
				SWIFT_EMIT_LOC_STRINGS = NO;
				SWIFT_VERSION = 5.0;
				TARGETED_DEVICE_FAMILY = "1,2";
				TEST_HOST = "$(BUILT_PRODUCTS_DIR)/CoreDataDemo.app/$(BUNDLE_EXECUTABLE_FOLDER_PATH)/CoreDataDemo";
			};
			name = Release;
		};
		D07F07AC2D81EA2000B17F7E /* Debug */ = {
			isa = XCBuildConfiguration;
			buildSettings = {
				ALWAYS_EMBED_SWIFT_STANDARD_LIBRARIES = YES;
				CODE_SIGN_STYLE = Automatic;
				CURRENT_PROJECT_VERSION = 1;
				GENERATE_INFOPLIST_FILE = YES;
				MARKETING_VERSION = 1.0;
				PRODUCT_BUNDLE_IDENTIFIER = com.rphi..CoreDataDemoUITests;
				PRODUCT_NAME = "$(TARGET_NAME)";
				SWIFT_EMIT_LOC_STRINGS = NO;
				SWIFT_VERSION = 5.0;
				TARGETED_DEVICE_FAMILY = "1,2";
				TEST_TARGET_NAME = CoreDataDemo;
			};
			name = Debug;
		};
		D07F07AD2D81EA2000B17F7E /* Release */ = {
			isa = XCBuildConfiguration;
			buildSettings = {
				ALWAYS_EMBED_SWIFT_STANDARD_LIBRARIES = YES;
				CODE_SIGN_STYLE = Automatic;
				CURRENT_PROJECT_VERSION = 1;
				GENERATE_INFOPLIST_FILE = YES;
				MARKETING_VERSION = 1.0;
				PRODUCT_BUNDLE_IDENTIFIER = com.rphi..CoreDataDemoUITests;
				PRODUCT_NAME = "$(TARGET_NAME)";
				SWIFT_EMIT_LOC_STRINGS = NO;
				SWIFT_VERSION = 5.0;
				TARGETED_DEVICE_FAMILY = "1,2";
				TEST_TARGET_NAME = CoreDataDemo;
			};
			name = Release;
		};
/* End XCBuildConfiguration section */

/* Begin XCConfigurationList section */
		D07F07732D81EA1F00B17F7E /* Build configuration list for PBXProject "CoreDataDemo" */ = {
			isa = XCConfigurationList;
			buildConfigurations = (
				D07F07A32D81EA2000B17F7E /* Debug */,
				D07F07A42D81EA2000B17F7E /* Release */,
			);
			defaultConfigurationIsVisible = 0;
			defaultConfigurationName = Release;
		};
		D07F07A52D81EA2000B17F7E /* Build configuration list for PBXNativeTarget "CoreDataDemo" */ = {
			isa = XCConfigurationList;
			buildConfigurations = (
				D07F07A62D81EA2000B17F7E /* Debug */,
				D07F07A72D81EA2000B17F7E /* Release */,
			);
			defaultConfigurationIsVisible = 0;
			defaultConfigurationName = Release;
		};
		D07F07A82D81EA2000B17F7E /* Build configuration list for PBXNativeTarget "CoreDataDemoTests" */ = {
			isa = XCConfigurationList;
			buildConfigurations = (
				D07F07A92D81EA2000B17F7E /* Debug */,
				D07F07AA2D81EA2000B17F7E /* Release */,
			);
			defaultConfigurationIsVisible = 0;
			defaultConfigurationName = Release;
		};
		D07F07AB2D81EA2000B17F7E /* Build configuration list for PBXNativeTarget "CoreDataDemoUITests" */ = {
			isa = XCConfigurationList;
			buildConfigurations = (
				D07F07AC2D81EA2000B17F7E /* Debug */,
				D07F07AD2D81EA2000B17F7E /* Release */,
			);
			defaultConfigurationIsVisible = 0;
			defaultConfigurationName = Release;
		};
/* End XCConfigurationList section */

/* Begin XCVersionGroup section */
		D07F07842D81EA1F00B17F7E /* CoreDataDemo.xcdatamodeld */ = {
			isa = XCVersionGroup;
			children = (
				D07F07852D81EA1F00B17F7E /* CoreDataDemo.xcdatamodel */,
			);
			currentVersion = D07F07852D81EA1F00B17F7E /* CoreDataDemo.xcdatamodel */;
			path = CoreDataDemo.xcdatamodeld;
			sourceTree = "<group>";
			versionGroupType = wrapper.xcdatamodel;
		};
/* End XCVersionGroup section */
	};
	rootObject = D07F07702D81EA1F00B17F7E /* Project object */;
}
